
Microsoft Visual Studio Solution File, Format Version 12.00
# Visual Studio Version 16
VisualStudioVersion = 16.0.32510.428
MinimumVisualStudioVersion = 10.0.40219.1
Project("{FAE04EC0-301F-11D3-BF4B-00C04F79EFBC}") = "Delegate_Add_Two_Integers", "Delegate_Add_Two_Integers\Delegate_Add_Two_Integers.csproj", "{CE927222-CA90-42B3-9612-EDDB474E5367}"
EndProject
Global
	GlobalSection(SolutionConfigurationPlatforms) = preSolution
		Debug|Any CPU = Debug|Any CPU
		Release|Any CPU = Release|Any CPU
	EndGlobalSection
	GlobalSection(ProjectConfigurationPlatforms) = postSolution
		{CE927222-CA90-42B3-9612-EDDB474E5367}.Debug|Any CPU.ActiveCfg = Debug|Any CPU
		{CE927222-CA90-42B3-9612-EDDB474E5367}.Debug|Any CPU.Build.0 = Debug|Any CPU
		{CE927222-CA90-42B3-9612-EDDB474E5367}.Release|Any CPU.ActiveCfg = Release|Any CPU
		{CE927222-CA90-42B3-9612-EDDB474E5367}.Release|Any CPU.Build.0 = Release|Any CPU
	EndGlobalSection
	GlobalSection(SolutionProperties) = preSolution
		HideSolutionNode = FALSE
	EndGlobalSection
	GlobalSection(ExtensibilityGlobals) = postSolution
		SolutionGuid = {F47FB6D3-46EF-478F-AA1D-658D8B14E698}
	EndGlobalSection
EndGlobal
