
Microsoft Visual Studio Solution File, Format Version 12.00
# Visual Studio Version 16
VisualStudioVersion = 16.0.32510.428
MinimumVisualStudioVersion = 10.0.40219.1
Project("{FAE04EC0-301F-11D3-BF4B-00C04F79EFBC}") = "Enum_GetValues", "Enum_GetValues\Enum_GetValues.csproj", "{E4E7249C-3581-441D-922B-27FCC74778EE}"
EndProject
Global
	GlobalSection(SolutionConfigurationPlatforms) = preSolution
		Debug|Any CPU = Debug|Any CPU
		Release|Any CPU = Release|Any CPU
	EndGlobalSection
	GlobalSection(ProjectConfigurationPlatforms) = postSolution
		{E4E7249C-3581-441D-922B-27FCC74778EE}.Debug|Any CPU.ActiveCfg = Debug|Any CPU
		{E4E7249C-3581-441D-922B-27FCC74778EE}.Debug|Any CPU.Build.0 = Debug|Any CPU
		{E4E7249C-3581-441D-922B-27FCC74778EE}.Release|Any CPU.ActiveCfg = Release|Any CPU
		{E4E7249C-3581-441D-922B-27FCC74778EE}.Release|Any CPU.Build.0 = Release|Any CPU
	EndGlobalSection
	GlobalSection(SolutionProperties) = preSolution
		HideSolutionNode = FALSE
	EndGlobalSection
	GlobalSection(ExtensibilityGlobals) = postSolution
		SolutionGuid = {FAE9B260-973D-43BF-9F4B-E8851D3A4115}
	EndGlobalSection
EndGlobal
