
Microsoft Visual Studio Solution File, Format Version 12.00
# Visual Studio Version 16
VisualStudioVersion = 16.0.31205.134
MinimumVisualStudioVersion = 10.0.40219.1
Project("{FAE04EC0-301F-11D3-BF4B-00C04F79EFBC}") = "MultipleInterface", "MultipleInterface\MultipleInterface.csproj", "{366FB9A7-05CA-4995-93B0-B730E92DBAEF}"
EndProject
Global
	GlobalSection(SolutionConfigurationPlatforms) = preSolution
		Debug|Any CPU = Debug|Any CPU
		Release|Any CPU = Release|Any CPU
	EndGlobalSection
	GlobalSection(ProjectConfigurationPlatforms) = postSolution
		{366FB9A7-05CA-4995-93B0-B730E92DBAEF}.Debug|Any CPU.ActiveCfg = Debug|Any CPU
		{366FB9A7-05CA-4995-93B0-B730E92DBAEF}.Debug|Any CPU.Build.0 = Debug|Any CPU
		{366FB9A7-05CA-4995-93B0-B730E92DBAEF}.Release|Any CPU.ActiveCfg = Release|Any CPU
		{366FB9A7-05CA-4995-93B0-B730E92DBAEF}.Release|Any CPU.Build.0 = Release|Any CPU
	EndGlobalSection
	GlobalSection(SolutionProperties) = preSolution
		HideSolutionNode = FALSE
	EndGlobalSection
	GlobalSection(ExtensibilityGlobals) = postSolution
		SolutionGuid = {4F4670A8-A2F8-4407-9F32-BF24D27F9634}
	EndGlobalSection
EndGlobal
