
Microsoft Visual Studio Solution File, Format Version 12.00
# Visual Studio Version 16
VisualStudioVersion = 16.0.32510.428
MinimumVisualStudioVersion = 10.0.40219.1
Project("{FAE04EC0-301F-11D3-BF4B-00C04F79EFBC}") = "LINQ_Where_Skip_ToArray", "LINQ_Where_Skip_ToArray\LINQ_Where_Skip_ToArray.csproj", "{31E0A00E-F683-42D7-AD23-8E1322F24037}"
EndProject
Global
	GlobalSection(SolutionConfigurationPlatforms) = preSolution
		Debug|Any CPU = Debug|Any CPU
		Release|Any CPU = Release|Any CPU
	EndGlobalSection
	GlobalSection(ProjectConfigurationPlatforms) = postSolution
		{31E0A00E-F683-42D7-AD23-8E1322F24037}.Debug|Any CPU.ActiveCfg = Debug|Any CPU
		{31E0A00E-F683-42D7-AD23-8E1322F24037}.Debug|Any CPU.Build.0 = Debug|Any CPU
		{31E0A00E-F683-42D7-AD23-8E1322F24037}.Release|Any CPU.ActiveCfg = Release|Any CPU
		{31E0A00E-F683-42D7-AD23-8E1322F24037}.Release|Any CPU.Build.0 = Release|Any CPU
	EndGlobalSection
	GlobalSection(SolutionProperties) = preSolution
		HideSolutionNode = FALSE
	EndGlobalSection
	GlobalSection(ExtensibilityGlobals) = postSolution
		SolutionGuid = {0F41ED81-308F-4608-B14E-C9A21275AB52}
	EndGlobalSection
EndGlobal
