
Microsoft Visual Studio Solution File, Format Version 12.00
# Visual Studio Version 16
VisualStudioVersion = 16.0.32510.428
MinimumVisualStudioVersion = 10.0.40219.1
Project("{FAE04EC0-301F-11D3-BF4B-00C04F79EFBC}") = "LINQ_Intersect_Union_OrderBy", "LINQ_Intersect_Union_OrderBy\LINQ_Intersect_Union_OrderBy.csproj", "{2C646DEC-83F4-4EF1-B884-2450E5995549}"
EndProject
Global
	GlobalSection(SolutionConfigurationPlatforms) = preSolution
		Debug|Any CPU = Debug|Any CPU
		Release|Any CPU = Release|Any CPU
	EndGlobalSection
	GlobalSection(ProjectConfigurationPlatforms) = postSolution
		{2C646DEC-83F4-4EF1-B884-2450E5995549}.Debug|Any CPU.ActiveCfg = Debug|Any CPU
		{2C646DEC-83F4-4EF1-B884-2450E5995549}.Debug|Any CPU.Build.0 = Debug|Any CPU
		{2C646DEC-83F4-4EF1-B884-2450E5995549}.Release|Any CPU.ActiveCfg = Release|Any CPU
		{2C646DEC-83F4-4EF1-B884-2450E5995549}.Release|Any CPU.Build.0 = Release|Any CPU
	EndGlobalSection
	GlobalSection(SolutionProperties) = preSolution
		HideSolutionNode = FALSE
	EndGlobalSection
	GlobalSection(ExtensibilityGlobals) = postSolution
		SolutionGuid = {6FFEAB89-1742-4F60-BC4C-CCD5714A3943}
	EndGlobalSection
EndGlobal
