
Microsoft Visual Studio Solution File, Format Version 12.00
# Visual Studio Version 16
VisualStudioVersion = 16.0.32510.428
MinimumVisualStudioVersion = 10.0.40219.1
Project("{FAE04EC0-301F-11D3-BF4B-00C04F79EFBC}") = "Call_By_Reference", "Call_By_Reference\Call_By_Reference.csproj", "{6EECEAE2-C58E-4D46-B6E8-E2BFF36AAFA5}"
EndProject
Global
	GlobalSection(SolutionConfigurationPlatforms) = preSolution
		Debug|Any CPU = Debug|Any CPU
		Release|Any CPU = Release|Any CPU
	EndGlobalSection
	GlobalSection(ProjectConfigurationPlatforms) = postSolution
		{6EECEAE2-C58E-4D46-B6E8-E2BFF36AAFA5}.Debug|Any CPU.ActiveCfg = Debug|Any CPU
		{6EECEAE2-C58E-4D46-B6E8-E2BFF36AAFA5}.Debug|Any CPU.Build.0 = Debug|Any CPU
		{6EECEAE2-C58E-4D46-B6E8-E2BFF36AAFA5}.Release|Any CPU.ActiveCfg = Release|Any CPU
		{6EECEAE2-C58E-4D46-B6E8-E2BFF36AAFA5}.Release|Any CPU.Build.0 = Release|Any CPU
	EndGlobalSection
	GlobalSection(SolutionProperties) = preSolution
		HideSolutionNode = FALSE
	EndGlobalSection
	GlobalSection(ExtensibilityGlobals) = postSolution
		SolutionGuid = {0D63F1D0-928F-468B-8969-357B9FEFFB79}
	EndGlobalSection
EndGlobal
