
Microsoft Visual Studio Solution File, Format Version 12.00
# Visual Studio Version 16
VisualStudioVersion = 16.0.32510.428
MinimumVisualStudioVersion = 10.0.40219.1
Project("{FAE04EC0-301F-11D3-BF4B-00C04F79EFBC}") = "LINQ_First_FirstOrDefault_List", "LINQ_First_FirstOrDefault_List\LINQ_First_FirstOrDefault_List.csproj", "{7D0D29CB-1EA3-4856-BE1C-F1939EE8CEA1}"
EndProject
Global
	GlobalSection(SolutionConfigurationPlatforms) = preSolution
		Debug|Any CPU = Debug|Any CPU
		Release|Any CPU = Release|Any CPU
	EndGlobalSection
	GlobalSection(ProjectConfigurationPlatforms) = postSolution
		{7D0D29CB-1EA3-4856-BE1C-F1939EE8CEA1}.Debug|Any CPU.ActiveCfg = Debug|Any CPU
		{7D0D29CB-1EA3-4856-BE1C-F1939EE8CEA1}.Debug|Any CPU.Build.0 = Debug|Any CPU
		{7D0D29CB-1EA3-4856-BE1C-F1939EE8CEA1}.Release|Any CPU.ActiveCfg = Release|Any CPU
		{7D0D29CB-1EA3-4856-BE1C-F1939EE8CEA1}.Release|Any CPU.Build.0 = Release|Any CPU
	EndGlobalSection
	GlobalSection(SolutionProperties) = preSolution
		HideSolutionNode = FALSE
	EndGlobalSection
	GlobalSection(ExtensibilityGlobals) = postSolution
		SolutionGuid = {30DAFE19-0F54-4B17-8462-92EF03C20641}
	EndGlobalSection
EndGlobal
