
Microsoft Visual Studio Solution File, Format Version 12.00
# Visual Studio Version 16
VisualStudioVersion = 16.0.32510.428
MinimumVisualStudioVersion = 10.0.40219.1
Project("{FAE04EC0-301F-11D3-BF4B-00C04F79EFBC}") = "Aristo_ParameterConstructor", "Aristo_ParameterConstructor\Aristo_ParameterConstructor.csproj", "{CD2BAAE7-394E-4AF3-B746-DB9BC42BA694}"
EndProject
Global
	GlobalSection(SolutionConfigurationPlatforms) = preSolution
		Debug|Any CPU = Debug|Any CPU
		Release|Any CPU = Release|Any CPU
	EndGlobalSection
	GlobalSection(ProjectConfigurationPlatforms) = postSolution
		{CD2BAAE7-394E-4AF3-B746-DB9BC42BA694}.Debug|Any CPU.ActiveCfg = Debug|Any CPU
		{CD2BAAE7-394E-4AF3-B746-DB9BC42BA694}.Debug|Any CPU.Build.0 = Debug|Any CPU
		{CD2BAAE7-394E-4AF3-B746-DB9BC42BA694}.Release|Any CPU.ActiveCfg = Release|Any CPU
		{CD2BAAE7-394E-4AF3-B746-DB9BC42BA694}.Release|Any CPU.Build.0 = Release|Any CPU
	EndGlobalSection
	GlobalSection(SolutionProperties) = preSolution
		HideSolutionNode = FALSE
	EndGlobalSection
	GlobalSection(ExtensibilityGlobals) = postSolution
		SolutionGuid = {99D9F8AF-1E08-4501-A71C-7CC01098AD13}
	EndGlobalSection
EndGlobal
