
Microsoft Visual Studio Solution File, Format Version 12.00
# Visual Studio Version 16
VisualStudioVersion = 16.0.32510.428
MinimumVisualStudioVersion = 10.0.40219.1
Project("{FAE04EC0-301F-11D3-BF4B-00C04F79EFBC}") = "Enum_GetNames", "Enum_GetNames\Enum_GetNames.csproj", "{621A938E-9686-44F7-B04E-FE24C4B42A9C}"
EndProject
Global
	GlobalSection(SolutionConfigurationPlatforms) = preSolution
		Debug|Any CPU = Debug|Any CPU
		Release|Any CPU = Release|Any CPU
	EndGlobalSection
	GlobalSection(ProjectConfigurationPlatforms) = postSolution
		{621A938E-9686-44F7-B04E-FE24C4B42A9C}.Debug|Any CPU.ActiveCfg = Debug|Any CPU
		{621A938E-9686-44F7-B04E-FE24C4B42A9C}.Debug|Any CPU.Build.0 = Debug|Any CPU
		{621A938E-9686-44F7-B04E-FE24C4B42A9C}.Release|Any CPU.ActiveCfg = Release|Any CPU
		{621A938E-9686-44F7-B04E-FE24C4B42A9C}.Release|Any CPU.Build.0 = Release|Any CPU
	EndGlobalSection
	GlobalSection(SolutionProperties) = preSolution
		HideSolutionNode = FALSE
	EndGlobalSection
	GlobalSection(ExtensibilityGlobals) = postSolution
		SolutionGuid = {F6517650-27F1-4C86-9DBA-F80A7E4F56B1}
	EndGlobalSection
EndGlobal
