
Microsoft Visual Studio Solution File, Format Version 12.00
# Visual Studio Version 16
VisualStudioVersion = 16.0.32802.440
MinimumVisualStudioVersion = 10.0.40219.1
Project("{FAE04EC0-301F-11D3-BF4B-00C04F79EFBC}") = "Global_Function", "Global_Function\Global_Function.csproj", "{AC472F02-7042-471C-9E21-7D5FBCFDC542}"
EndProject
Global
	GlobalSection(SolutionConfigurationPlatforms) = preSolution
		Debug|Any CPU = Debug|Any CPU
		Release|Any CPU = Release|Any CPU
	EndGlobalSection
	GlobalSection(ProjectConfigurationPlatforms) = postSolution
		{AC472F02-7042-471C-9E21-7D5FBCFDC542}.Debug|Any CPU.ActiveCfg = Debug|Any CPU
		{AC472F02-7042-471C-9E21-7D5FBCFDC542}.Debug|Any CPU.Build.0 = Debug|Any CPU
		{AC472F02-7042-471C-9E21-7D5FBCFDC542}.Release|Any CPU.ActiveCfg = Release|Any CPU
		{AC472F02-7042-471C-9E21-7D5FBCFDC542}.Release|Any CPU.Build.0 = Release|Any CPU
	EndGlobalSection
	GlobalSection(SolutionProperties) = preSolution
		HideSolutionNode = FALSE
	EndGlobalSection
	GlobalSection(ExtensibilityGlobals) = postSolution
		SolutionGuid = {303E16F3-15C5-4A31-8207-7AF9D1163702}
	EndGlobalSection
EndGlobal
