
Microsoft Visual Studio Solution File, Format Version 12.00
# Visual Studio Version 16
VisualStudioVersion = 16.0.32901.82
MinimumVisualStudioVersion = 10.0.40219.1
Project("{FAE04EC0-301F-11D3-BF4B-00C04F79EFBC}") = "Goto_Statement_Eligibility", "Goto_Statement_Eligibility\Goto_Statement_Eligibility.csproj", "{852FFA00-A85B-41DF-9FCB-9E46CFEA0440}"
EndProject
Global
	GlobalSection(SolutionConfigurationPlatforms) = preSolution
		Debug|Any CPU = Debug|Any CPU
		Release|Any CPU = Release|Any CPU
	EndGlobalSection
	GlobalSection(ProjectConfigurationPlatforms) = postSolution
		{852FFA00-A85B-41DF-9FCB-9E46CFEA0440}.Debug|Any CPU.ActiveCfg = Debug|Any CPU
		{852FFA00-A85B-41DF-9FCB-9E46CFEA0440}.Debug|Any CPU.Build.0 = Debug|Any CPU
		{852FFA00-A85B-41DF-9FCB-9E46CFEA0440}.Release|Any CPU.ActiveCfg = Release|Any CPU
		{852FFA00-A85B-41DF-9FCB-9E46CFEA0440}.Release|Any CPU.Build.0 = Release|Any CPU
	EndGlobalSection
	GlobalSection(SolutionProperties) = preSolution
		HideSolutionNode = FALSE
	EndGlobalSection
	GlobalSection(ExtensibilityGlobals) = postSolution
		SolutionGuid = {8129D42E-C1B4-497B-8483-AF39BA4068C9}
	EndGlobalSection
EndGlobal
