
Microsoft Visual Studio Solution File, Format Version 12.00
# Visual Studio Version 16
VisualStudioVersion = 16.0.32228.343
MinimumVisualStudioVersion = 10.0.40219.1
Project("{9A19103F-16F7-4668-BE54-9A1E7A4F7556}") = "OOP", "OOP.csproj", "{E1809855-3C80-41E0-9E49-32AE8BE7DBF9}"
EndProject
Global
	GlobalSection(SolutionConfigurationPlatforms) = preSolution
		Debug|Any CPU = Debug|Any CPU
		Release|Any CPU = Release|Any CPU
	EndGlobalSection
	GlobalSection(ProjectConfigurationPlatforms) = postSolution
		{E1809855-3C80-41E0-9E49-32AE8BE7DBF9}.Debug|Any CPU.ActiveCfg = Debug|Any CPU
		{E1809855-3C80-41E0-9E49-32AE8BE7DBF9}.Debug|Any CPU.Build.0 = Debug|Any CPU
		{E1809855-3C80-41E0-9E49-32AE8BE7DBF9}.Release|Any CPU.ActiveCfg = Release|Any CPU
		{E1809855-3C80-41E0-9E49-32AE8BE7DBF9}.Release|Any CPU.Build.0 = Release|Any CPU
	EndGlobalSection
	GlobalSection(SolutionProperties) = preSolution
		HideSolutionNode = FALSE
	EndGlobalSection
	GlobalSection(ExtensibilityGlobals) = postSolution
		SolutionGuid = {27473CF6-72D3-4168-9EE2-3829A1838189}
	EndGlobalSection
EndGlobal
