
Microsoft Visual Studio Solution File, Format Version 12.00
# Visual Studio Version 16
VisualStudioVersion = 16.0.32510.428
MinimumVisualStudioVersion = 10.0.40219.1
Project("{FAE04EC0-301F-11D3-BF4B-00C04F79EFBC}") = "Generics_With_Class", "Generics_With_Class\Generics_With_Class.csproj", "{42B2876B-F29E-435B-9815-2EEE8A297161}"
EndProject
Global
	GlobalSection(SolutionConfigurationPlatforms) = preSolution
		Debug|Any CPU = Debug|Any CPU
		Release|Any CPU = Release|Any CPU
	EndGlobalSection
	GlobalSection(ProjectConfigurationPlatforms) = postSolution
		{42B2876B-F29E-435B-9815-2EEE8A297161}.Debug|Any CPU.ActiveCfg = Debug|Any CPU
		{42B2876B-F29E-435B-9815-2EEE8A297161}.Debug|Any CPU.Build.0 = Debug|Any CPU
		{42B2876B-F29E-435B-9815-2EEE8A297161}.Release|Any CPU.ActiveCfg = Release|Any CPU
		{42B2876B-F29E-435B-9815-2EEE8A297161}.Release|Any CPU.Build.0 = Release|Any CPU
	EndGlobalSection
	GlobalSection(SolutionProperties) = preSolution
		HideSolutionNode = FALSE
	EndGlobalSection
	GlobalSection(ExtensibilityGlobals) = postSolution
		SolutionGuid = {69F207C7-9544-45BC-8835-870FE653A996}
	EndGlobalSection
EndGlobal
