
Microsoft Visual Studio Solution File, Format Version 12.00
# Visual Studio Version 16
VisualStudioVersion = 16.0.32228.343
MinimumVisualStudioVersion = 10.0.40219.1
Project("{FAE04EC0-301F-11D3-BF4B-00C04F79EFBC}") = "LINQ_DefaultIfEmpty", "LINQ_DefaultIfEmpty\LINQ_DefaultIfEmpty.csproj", "{64B468F8-D8C6-4B3B-B15A-B74569AD517C}"
EndProject
Global
	GlobalSection(SolutionConfigurationPlatforms) = preSolution
		Debug|Any CPU = Debug|Any CPU
		Release|Any CPU = Release|Any CPU
	EndGlobalSection
	GlobalSection(ProjectConfigurationPlatforms) = postSolution
		{64B468F8-D8C6-4B3B-B15A-B74569AD517C}.Debug|Any CPU.ActiveCfg = Debug|Any CPU
		{64B468F8-D8C6-4B3B-B15A-B74569AD517C}.Debug|Any CPU.Build.0 = Debug|Any CPU
		{64B468F8-D8C6-4B3B-B15A-B74569AD517C}.Release|Any CPU.ActiveCfg = Release|Any CPU
		{64B468F8-D8C6-4B3B-B15A-B74569AD517C}.Release|Any CPU.Build.0 = Release|Any CPU
	EndGlobalSection
	GlobalSection(SolutionProperties) = preSolution
		HideSolutionNode = FALSE
	EndGlobalSection
	GlobalSection(ExtensibilityGlobals) = postSolution
		SolutionGuid = {B72B6ABF-3FF6-4406-BCAA-3690EDBC979C}
	EndGlobalSection
EndGlobal
