
Microsoft Visual Studio Solution File, Format Version 12.00
# Visual Studio Version 16
VisualStudioVersion = 16.0.32901.82
MinimumVisualStudioVersion = 10.0.40219.1
Project("{FAE04EC0-301F-11D3-BF4B-00C04F79EFBC}") = "JSON_Read_Parse_Plant_ASP", "JSON_Read_Parse_Plant_ASP\JSON_Read_Parse_Plant_ASP.csproj", "{FAF21326-65EA-4676-A950-FF151D8B063C}"
EndProject
Global
	GlobalSection(SolutionConfigurationPlatforms) = preSolution
		Debug|Any CPU = Debug|Any CPU
		Release|Any CPU = Release|Any CPU
	EndGlobalSection
	GlobalSection(ProjectConfigurationPlatforms) = postSolution
		{FAF21326-65EA-4676-A950-FF151D8B063C}.Debug|Any CPU.ActiveCfg = Debug|Any CPU
		{FAF21326-65EA-4676-A950-FF151D8B063C}.Debug|Any CPU.Build.0 = Debug|Any CPU
		{FAF21326-65EA-4676-A950-FF151D8B063C}.Release|Any CPU.ActiveCfg = Release|Any CPU
		{FAF21326-65EA-4676-A950-FF151D8B063C}.Release|Any CPU.Build.0 = Release|Any CPU
	EndGlobalSection
	GlobalSection(SolutionProperties) = preSolution
		HideSolutionNode = FALSE
	EndGlobalSection
	GlobalSection(ExtensibilityGlobals) = postSolution
		SolutionGuid = {5FA960A6-655E-46F3-9138-23ACF409AC9C}
	EndGlobalSection
EndGlobal
