
Microsoft Visual Studio Solution File, Format Version 12.00
# Visual Studio Version 16
VisualStudioVersion = 16.0.32510.428
MinimumVisualStudioVersion = 10.0.40219.1
Project("{FAE04EC0-301F-11D3-BF4B-00C04F79EFBC}") = "Out_Variable", "Out_Variable\Out_Variable.csproj", "{1D704F15-0667-4958-8F62-AAAAFCB6B4DF}"
EndProject
Global
	GlobalSection(SolutionConfigurationPlatforms) = preSolution
		Debug|Any CPU = Debug|Any CPU
		Release|Any CPU = Release|Any CPU
	EndGlobalSection
	GlobalSection(ProjectConfigurationPlatforms) = postSolution
		{1D704F15-0667-4958-8F62-AAAAFCB6B4DF}.Debug|Any CPU.ActiveCfg = Debug|Any CPU
		{1D704F15-0667-4958-8F62-AAAAFCB6B4DF}.Debug|Any CPU.Build.0 = Debug|Any CPU
		{1D704F15-0667-4958-8F62-AAAAFCB6B4DF}.Release|Any CPU.ActiveCfg = Release|Any CPU
		{1D704F15-0667-4958-8F62-AAAAFCB6B4DF}.Release|Any CPU.Build.0 = Release|Any CPU
	EndGlobalSection
	GlobalSection(SolutionProperties) = preSolution
		HideSolutionNode = FALSE
	EndGlobalSection
	GlobalSection(ExtensibilityGlobals) = postSolution
		SolutionGuid = {AB46CE16-08E3-4BBF-AC9C-E1BE8079828C}
	EndGlobalSection
EndGlobal
