
Microsoft Visual Studio Solution File, Format Version 12.00
# Visual Studio Version 16
VisualStudioVersion = 16.0.32510.428
MinimumVisualStudioVersion = 10.0.40219.1
Project("{FAE04EC0-301F-11D3-BF4B-00C04F79EFBC}") = "MethodHiding_NewKeyword", "MethodHiding_NewKeyword\MethodHiding_NewKeyword.csproj", "{FAF57A44-C499-4A30-909E-33AAB8F34A76}"
EndProject
Global
	GlobalSection(SolutionConfigurationPlatforms) = preSolution
		Debug|Any CPU = Debug|Any CPU
		Release|Any CPU = Release|Any CPU
	EndGlobalSection
	GlobalSection(ProjectConfigurationPlatforms) = postSolution
		{FAF57A44-C499-4A30-909E-33AAB8F34A76}.Debug|Any CPU.ActiveCfg = Debug|Any CPU
		{FAF57A44-C499-4A30-909E-33AAB8F34A76}.Debug|Any CPU.Build.0 = Debug|Any CPU
		{FAF57A44-C499-4A30-909E-33AAB8F34A76}.Release|Any CPU.ActiveCfg = Release|Any CPU
		{FAF57A44-C499-4A30-909E-33AAB8F34A76}.Release|Any CPU.Build.0 = Release|Any CPU
	EndGlobalSection
	GlobalSection(SolutionProperties) = preSolution
		HideSolutionNode = FALSE
	EndGlobalSection
	GlobalSection(ExtensibilityGlobals) = postSolution
		SolutionGuid = {19251DB4-F989-462B-BBA5-C83E77CBB2A4}
	EndGlobalSection
EndGlobal
