
Microsoft Visual Studio Solution File, Format Version 12.00
# Visual Studio Version 16
VisualStudioVersion = 16.0.32510.428
MinimumVisualStudioVersion = 10.0.40219.1
Project("{FAE04EC0-301F-11D3-BF4B-00C04F79EFBC}") = "Get_Dictionary_Value_By_Key", "Get_Dictionary_Value_By_Key\Get_Dictionary_Value_By_Key.csproj", "{D9A46AC4-CDE9-4A28-8B87-A1BE3A4F0A00}"
EndProject
Global
	GlobalSection(SolutionConfigurationPlatforms) = preSolution
		Debug|Any CPU = Debug|Any CPU
		Release|Any CPU = Release|Any CPU
	EndGlobalSection
	GlobalSection(ProjectConfigurationPlatforms) = postSolution
		{D9A46AC4-CDE9-4A28-8B87-A1BE3A4F0A00}.Debug|Any CPU.ActiveCfg = Debug|Any CPU
		{D9A46AC4-CDE9-4A28-8B87-A1BE3A4F0A00}.Debug|Any CPU.Build.0 = Debug|Any CPU
		{D9A46AC4-CDE9-4A28-8B87-A1BE3A4F0A00}.Release|Any CPU.ActiveCfg = Release|Any CPU
		{D9A46AC4-CDE9-4A28-8B87-A1BE3A4F0A00}.Release|Any CPU.Build.0 = Release|Any CPU
	EndGlobalSection
	GlobalSection(SolutionProperties) = preSolution
		HideSolutionNode = FALSE
	EndGlobalSection
	GlobalSection(ExtensibilityGlobals) = postSolution
		SolutionGuid = {F06D6F75-5457-4594-AA1D-24B5AB930A59}
	EndGlobalSection
EndGlobal
