
Microsoft Visual Studio Solution File, Format Version 12.00
# Visual Studio Version 16
VisualStudioVersion = 16.0.32510.428
MinimumVisualStudioVersion = 10.0.40219.1
Project("{FAE04EC0-301F-11D3-BF4B-00C04F79EFBC}") = "Class_Linking1", "Class_Linking1\Class_Linking1.csproj", "{BD4BDFF9-2314-4C2B-A2BD-04CB75AD4F2C}"
EndProject
Global
	GlobalSection(SolutionConfigurationPlatforms) = preSolution
		Debug|Any CPU = Debug|Any CPU
		Release|Any CPU = Release|Any CPU
	EndGlobalSection
	GlobalSection(ProjectConfigurationPlatforms) = postSolution
		{BD4BDFF9-2314-4C2B-A2BD-04CB75AD4F2C}.Debug|Any CPU.ActiveCfg = Debug|Any CPU
		{BD4BDFF9-2314-4C2B-A2BD-04CB75AD4F2C}.Debug|Any CPU.Build.0 = Debug|Any CPU
		{BD4BDFF9-2314-4C2B-A2BD-04CB75AD4F2C}.Release|Any CPU.ActiveCfg = Release|Any CPU
		{BD4BDFF9-2314-4C2B-A2BD-04CB75AD4F2C}.Release|Any CPU.Build.0 = Release|Any CPU
	EndGlobalSection
	GlobalSection(SolutionProperties) = preSolution
		HideSolutionNode = FALSE
	EndGlobalSection
	GlobalSection(ExtensibilityGlobals) = postSolution
		SolutionGuid = {983BE905-15C5-40BC-9630-85A416DB2575}
	EndGlobalSection
EndGlobal
