
Microsoft Visual Studio Solution File, Format Version 12.00
# Visual Studio Version 16
VisualStudioVersion = 16.0.32510.428
MinimumVisualStudioVersion = 10.0.40219.1
Project("{FAE04EC0-301F-11D3-BF4B-00C04F79EFBC}") = "Matrix_Diagonal_Sum", "Matrix_Diagonal_Sum\Matrix_Diagonal_Sum.csproj", "{74539917-8902-4085-8622-61E4D6145E19}"
EndProject
Global
	GlobalSection(SolutionConfigurationPlatforms) = preSolution
		Debug|Any CPU = Debug|Any CPU
		Release|Any CPU = Release|Any CPU
	EndGlobalSection
	GlobalSection(ProjectConfigurationPlatforms) = postSolution
		{74539917-8902-4085-8622-61E4D6145E19}.Debug|Any CPU.ActiveCfg = Debug|Any CPU
		{74539917-8902-4085-8622-61E4D6145E19}.Debug|Any CPU.Build.0 = Debug|Any CPU
		{74539917-8902-4085-8622-61E4D6145E19}.Release|Any CPU.ActiveCfg = Release|Any CPU
		{74539917-8902-4085-8622-61E4D6145E19}.Release|Any CPU.Build.0 = Release|Any CPU
	EndGlobalSection
	GlobalSection(SolutionProperties) = preSolution
		HideSolutionNode = FALSE
	EndGlobalSection
	GlobalSection(ExtensibilityGlobals) = postSolution
		SolutionGuid = {AFDAB449-D4B1-4BA8-A7C4-D7D3EC473323}
	EndGlobalSection
EndGlobal
