
Microsoft Visual Studio Solution File, Format Version 12.00
# Visual Studio Version 16
VisualStudioVersion = 16.0.32510.428
MinimumVisualStudioVersion = 10.0.40219.1
Project("{FAE04EC0-301F-11D3-BF4B-00C04F79EFBC}") = "LINQ_SelectMany_Complex_Type", "LINQ_SelectMany_Complex_Type\LINQ_SelectMany_Complex_Type.csproj", "{379A0FBA-77BD-4A71-A40A-981953217447}"
EndProject
Global
	GlobalSection(SolutionConfigurationPlatforms) = preSolution
		Debug|Any CPU = Debug|Any CPU
		Release|Any CPU = Release|Any CPU
	EndGlobalSection
	GlobalSection(ProjectConfigurationPlatforms) = postSolution
		{379A0FBA-77BD-4A71-A40A-981953217447}.Debug|Any CPU.ActiveCfg = Debug|Any CPU
		{379A0FBA-77BD-4A71-A40A-981953217447}.Debug|Any CPU.Build.0 = Debug|Any CPU
		{379A0FBA-77BD-4A71-A40A-981953217447}.Release|Any CPU.ActiveCfg = Release|Any CPU
		{379A0FBA-77BD-4A71-A40A-981953217447}.Release|Any CPU.Build.0 = Release|Any CPU
	EndGlobalSection
	GlobalSection(SolutionProperties) = preSolution
		HideSolutionNode = FALSE
	EndGlobalSection
	GlobalSection(ExtensibilityGlobals) = postSolution
		SolutionGuid = {8F0AECC7-AD92-4D08-AD82-A0B7845DAC5A}
	EndGlobalSection
EndGlobal
