
Microsoft Visual Studio Solution File, Format Version 12.00
# Visual Studio Version 16
VisualStudioVersion = 16.0.32510.428
MinimumVisualStudioVersion = 10.0.40219.1
Project("{FAE04EC0-301F-11D3-BF4B-00C04F79EFBC}") = "ConvertToByteDemo", "ConvertToByteDemo\ConvertToByteDemo.csproj", "{90A066CA-2CC4-4486-AC8E-B9ECC50F07CA}"
EndProject
Global
	GlobalSection(SolutionConfigurationPlatforms) = preSolution
		Debug|Any CPU = Debug|Any CPU
		Release|Any CPU = Release|Any CPU
	EndGlobalSection
	GlobalSection(ProjectConfigurationPlatforms) = postSolution
		{90A066CA-2CC4-4486-AC8E-B9ECC50F07CA}.Debug|Any CPU.ActiveCfg = Debug|Any CPU
		{90A066CA-2CC4-4486-AC8E-B9ECC50F07CA}.Debug|Any CPU.Build.0 = Debug|Any CPU
		{90A066CA-2CC4-4486-AC8E-B9ECC50F07CA}.Release|Any CPU.ActiveCfg = Release|Any CPU
		{90A066CA-2CC4-4486-AC8E-B9ECC50F07CA}.Release|Any CPU.Build.0 = Release|Any CPU
	EndGlobalSection
	GlobalSection(SolutionProperties) = preSolution
		HideSolutionNode = FALSE
	EndGlobalSection
	GlobalSection(ExtensibilityGlobals) = postSolution
		SolutionGuid = {0DDF22AD-BE67-48CD-A014-0C5FE31D4951}
	EndGlobalSection
EndGlobal
