
Microsoft Visual Studio Solution File, Format Version 12.00
# Visual Studio Version 16
VisualStudioVersion = 16.0.32510.428
MinimumVisualStudioVersion = 10.0.40219.1
Project("{FAE04EC0-301F-11D3-BF4B-00C04F79EFBC}") = "this_Keyword_Class", "this_Keyword_Class\this_Keyword_Class.csproj", "{AB12E385-DBDC-475E-8B6F-D87E27929A14}"
EndProject
Global
	GlobalSection(SolutionConfigurationPlatforms) = preSolution
		Debug|Any CPU = Debug|Any CPU
		Release|Any CPU = Release|Any CPU
	EndGlobalSection
	GlobalSection(ProjectConfigurationPlatforms) = postSolution
		{AB12E385-DBDC-475E-8B6F-D87E27929A14}.Debug|Any CPU.ActiveCfg = Debug|Any CPU
		{AB12E385-DBDC-475E-8B6F-D87E27929A14}.Debug|Any CPU.Build.0 = Debug|Any CPU
		{AB12E385-DBDC-475E-8B6F-D87E27929A14}.Release|Any CPU.ActiveCfg = Release|Any CPU
		{AB12E385-DBDC-475E-8B6F-D87E27929A14}.Release|Any CPU.Build.0 = Release|Any CPU
	EndGlobalSection
	GlobalSection(SolutionProperties) = preSolution
		HideSolutionNode = FALSE
	EndGlobalSection
	GlobalSection(ExtensibilityGlobals) = postSolution
		SolutionGuid = {065C9BD7-6EEC-47FB-B733-3F204B822402}
	EndGlobalSection
EndGlobal
