
Microsoft Visual Studio Solution File, Format Version 12.00
# Visual Studio Version 16
VisualStudioVersion = 16.0.32510.428
MinimumVisualStudioVersion = 10.0.40219.1
Project("{FAE04EC0-301F-11D3-BF4B-00C04F79EFBC}") = "String_Array_Sorting_LINQ", "String_Array_Sorting_LINQ\String_Array_Sorting_LINQ.csproj", "{AA3EF6F9-1EDD-4C68-A0E8-1626CBFA1DD7}"
EndProject
Global
	GlobalSection(SolutionConfigurationPlatforms) = preSolution
		Debug|Any CPU = Debug|Any CPU
		Release|Any CPU = Release|Any CPU
	EndGlobalSection
	GlobalSection(ProjectConfigurationPlatforms) = postSolution
		{AA3EF6F9-1EDD-4C68-A0E8-1626CBFA1DD7}.Debug|Any CPU.ActiveCfg = Debug|Any CPU
		{AA3EF6F9-1EDD-4C68-A0E8-1626CBFA1DD7}.Debug|Any CPU.Build.0 = Debug|Any CPU
		{AA3EF6F9-1EDD-4C68-A0E8-1626CBFA1DD7}.Release|Any CPU.ActiveCfg = Release|Any CPU
		{AA3EF6F9-1EDD-4C68-A0E8-1626CBFA1DD7}.Release|Any CPU.Build.0 = Release|Any CPU
	EndGlobalSection
	GlobalSection(SolutionProperties) = preSolution
		HideSolutionNode = FALSE
	EndGlobalSection
	GlobalSection(ExtensibilityGlobals) = postSolution
		SolutionGuid = {A2058376-C194-4199-B992-DF8A837B7AF2}
	EndGlobalSection
EndGlobal
