
Microsoft Visual Studio Solution File, Format Version 12.00
# Visual Studio Version 16
VisualStudioVersion = 16.0.32228.343
MinimumVisualStudioVersion = 10.0.40219.1
Project("{FAE04EC0-301F-11D3-BF4B-00C04F79EFBC}") = "DelegatesDemo", "DelegatesDemo\DelegatesDemo.csproj", "{1F4732AC-4A30-404A-ABD0-C18A5EA40817}"
EndProject
Global
	GlobalSection(SolutionConfigurationPlatforms) = preSolution
		Debug|Any CPU = Debug|Any CPU
		Release|Any CPU = Release|Any CPU
	EndGlobalSection
	GlobalSection(ProjectConfigurationPlatforms) = postSolution
		{1F4732AC-4A30-404A-ABD0-C18A5EA40817}.Debug|Any CPU.ActiveCfg = Debug|Any CPU
		{1F4732AC-4A30-404A-ABD0-C18A5EA40817}.Debug|Any CPU.Build.0 = Debug|Any CPU
		{1F4732AC-4A30-404A-ABD0-C18A5EA40817}.Release|Any CPU.ActiveCfg = Release|Any CPU
		{1F4732AC-4A30-404A-ABD0-C18A5EA40817}.Release|Any CPU.Build.0 = Release|Any CPU
	EndGlobalSection
	GlobalSection(SolutionProperties) = preSolution
		HideSolutionNode = FALSE
	EndGlobalSection
	GlobalSection(ExtensibilityGlobals) = postSolution
		SolutionGuid = {EEE6395A-139D-4A1C-82EA-80658EC9051F}
	EndGlobalSection
EndGlobal
