
Microsoft Visual Studio Solution File, Format Version 12.00
# Visual Studio Version 16
VisualStudioVersion = 16.0.32510.428
MinimumVisualStudioVersion = 10.0.40219.1
Project("{FAE04EC0-301F-11D3-BF4B-00C04F79EFBC}") = "OUTPUT_4", "OUTPUT_4\OUTPUT_4.csproj", "{C40E250E-DB0D-48CE-9578-BF13660A80C8}"
EndProject
Global
	GlobalSection(SolutionConfigurationPlatforms) = preSolution
		Debug|Any CPU = Debug|Any CPU
		Release|Any CPU = Release|Any CPU
	EndGlobalSection
	GlobalSection(ProjectConfigurationPlatforms) = postSolution
		{C40E250E-DB0D-48CE-9578-BF13660A80C8}.Debug|Any CPU.ActiveCfg = Debug|Any CPU
		{C40E250E-DB0D-48CE-9578-BF13660A80C8}.Debug|Any CPU.Build.0 = Debug|Any CPU
		{C40E250E-DB0D-48CE-9578-BF13660A80C8}.Release|Any CPU.ActiveCfg = Release|Any CPU
		{C40E250E-DB0D-48CE-9578-BF13660A80C8}.Release|Any CPU.Build.0 = Release|Any CPU
	EndGlobalSection
	GlobalSection(SolutionProperties) = preSolution
		HideSolutionNode = FALSE
	EndGlobalSection
	GlobalSection(ExtensibilityGlobals) = postSolution
		SolutionGuid = {FAAD204B-FFE5-4F60-854E-665348670486}
	EndGlobalSection
EndGlobal
