
Microsoft Visual Studio Solution File, Format Version 12.00
# Visual Studio Version 16
VisualStudioVersion = 16.0.32510.428
MinimumVisualStudioVersion = 10.0.40219.1
Project("{FAE04EC0-301F-11D3-BF4B-00C04F79EFBC}") = "LINQ_IEnumerable", "LINQ_IEnumerable\LINQ_IEnumerable.csproj", "{6727FF09-3746-4AEE-A63D-B5D500AC74D5}"
EndProject
Global
	GlobalSection(SolutionConfigurationPlatforms) = preSolution
		Debug|Any CPU = Debug|Any CPU
		Release|Any CPU = Release|Any CPU
	EndGlobalSection
	GlobalSection(ProjectConfigurationPlatforms) = postSolution
		{6727FF09-3746-4AEE-A63D-B5D500AC74D5}.Debug|Any CPU.ActiveCfg = Debug|Any CPU
		{6727FF09-3746-4AEE-A63D-B5D500AC74D5}.Debug|Any CPU.Build.0 = Debug|Any CPU
		{6727FF09-3746-4AEE-A63D-B5D500AC74D5}.Release|Any CPU.ActiveCfg = Release|Any CPU
		{6727FF09-3746-4AEE-A63D-B5D500AC74D5}.Release|Any CPU.Build.0 = Release|Any CPU
	EndGlobalSection
	GlobalSection(SolutionProperties) = preSolution
		HideSolutionNode = FALSE
	EndGlobalSection
	GlobalSection(ExtensibilityGlobals) = postSolution
		SolutionGuid = {0BF7B60A-E1FD-44A1-B41D-6A8646D2BD6B}
	EndGlobalSection
EndGlobal
