
Microsoft Visual Studio Solution File, Format Version 12.00
# Visual Studio Version 16
VisualStudioVersion = 16.0.32510.428
MinimumVisualStudioVersion = 10.0.40219.1
Project("{FAE04EC0-301F-11D3-BF4B-00C04F79EFBC}") = "Delegates_Generic", "Delegates_Generic\Delegates_Generic.csproj", "{BFEB40E0-A337-42AD-8E17-9A311C800212}"
EndProject
Global
	GlobalSection(SolutionConfigurationPlatforms) = preSolution
		Debug|Any CPU = Debug|Any CPU
		Release|Any CPU = Release|Any CPU
	EndGlobalSection
	GlobalSection(ProjectConfigurationPlatforms) = postSolution
		{BFEB40E0-A337-42AD-8E17-9A311C800212}.Debug|Any CPU.ActiveCfg = Debug|Any CPU
		{BFEB40E0-A337-42AD-8E17-9A311C800212}.Debug|Any CPU.Build.0 = Debug|Any CPU
		{BFEB40E0-A337-42AD-8E17-9A311C800212}.Release|Any CPU.ActiveCfg = Release|Any CPU
		{BFEB40E0-A337-42AD-8E17-9A311C800212}.Release|Any CPU.Build.0 = Release|Any CPU
	EndGlobalSection
	GlobalSection(SolutionProperties) = preSolution
		HideSolutionNode = FALSE
	EndGlobalSection
	GlobalSection(ExtensibilityGlobals) = postSolution
		SolutionGuid = {7C5A3EC1-37E4-45EB-B648-975BE95AFAE6}
	EndGlobalSection
EndGlobal
