
Microsoft Visual Studio Solution File, Format Version 12.00
# Visual Studio Version 16
VisualStudioVersion = 16.0.32510.428
MinimumVisualStudioVersion = 10.0.40219.1
Project("{FAE04EC0-301F-11D3-BF4B-00C04F79EFBC}") = "Substring_In_String", "Substring_In_String\Substring_In_String.csproj", "{38CC496F-6E0F-411F-B84D-360C0A595393}"
EndProject
Global
	GlobalSection(SolutionConfigurationPlatforms) = preSolution
		Debug|Any CPU = Debug|Any CPU
		Release|Any CPU = Release|Any CPU
	EndGlobalSection
	GlobalSection(ProjectConfigurationPlatforms) = postSolution
		{38CC496F-6E0F-411F-B84D-360C0A595393}.Debug|Any CPU.ActiveCfg = Debug|Any CPU
		{38CC496F-6E0F-411F-B84D-360C0A595393}.Debug|Any CPU.Build.0 = Debug|Any CPU
		{38CC496F-6E0F-411F-B84D-360C0A595393}.Release|Any CPU.ActiveCfg = Release|Any CPU
		{38CC496F-6E0F-411F-B84D-360C0A595393}.Release|Any CPU.Build.0 = Release|Any CPU
	EndGlobalSection
	GlobalSection(SolutionProperties) = preSolution
		HideSolutionNode = FALSE
	EndGlobalSection
	GlobalSection(ExtensibilityGlobals) = postSolution
		SolutionGuid = {94968229-A726-4162-96A7-AA7B5C6AA0BC}
	EndGlobalSection
EndGlobal
