
Microsoft Visual Studio Solution File, Format Version 12.00
# Visual Studio Version 16
VisualStudioVersion = 16.0.32510.428
MinimumVisualStudioVersion = 10.0.40219.1
Project("{FAE04EC0-301F-11D3-BF4B-00C04F79EFBC}") = "IDictionary_int_str_Dictionary_str_str", "IDictionary_int_str_Dictionary_str_str\IDictionary_int_str_Dictionary_str_str.csproj", "{3270E109-436C-4299-9EAB-1E23F48FE359}"
EndProject
Global
	GlobalSection(SolutionConfigurationPlatforms) = preSolution
		Debug|Any CPU = Debug|Any CPU
		Release|Any CPU = Release|Any CPU
	EndGlobalSection
	GlobalSection(ProjectConfigurationPlatforms) = postSolution
		{3270E109-436C-4299-9EAB-1E23F48FE359}.Debug|Any CPU.ActiveCfg = Debug|Any CPU
		{3270E109-436C-4299-9EAB-1E23F48FE359}.Debug|Any CPU.Build.0 = Debug|Any CPU
		{3270E109-436C-4299-9EAB-1E23F48FE359}.Release|Any CPU.ActiveCfg = Release|Any CPU
		{3270E109-436C-4299-9EAB-1E23F48FE359}.Release|Any CPU.Build.0 = Release|Any CPU
	EndGlobalSection
	GlobalSection(SolutionProperties) = preSolution
		HideSolutionNode = FALSE
	EndGlobalSection
	GlobalSection(ExtensibilityGlobals) = postSolution
		SolutionGuid = {C34EFC2D-DC2A-45DF-A50C-A8E10F3C61D5}
	EndGlobalSection
EndGlobal
