
Microsoft Visual Studio Solution File, Format Version 12.00
# Visual Studio Version 16
VisualStudioVersion = 16.0.32901.82
MinimumVisualStudioVersion = 10.0.40219.1
Project("{FAE04EC0-301F-11D3-BF4B-00C04F79EFBC}") = "Namespace_Demo", "Namespace_Demo\Namespace_Demo.csproj", "{B1342C44-E676-4A00-BE56-528CAF2BA4AD}"
EndProject
Global
	GlobalSection(SolutionConfigurationPlatforms) = preSolution
		Debug|Any CPU = Debug|Any CPU
		Release|Any CPU = Release|Any CPU
	EndGlobalSection
	GlobalSection(ProjectConfigurationPlatforms) = postSolution
		{B1342C44-E676-4A00-BE56-528CAF2BA4AD}.Debug|Any CPU.ActiveCfg = Debug|Any CPU
		{B1342C44-E676-4A00-BE56-528CAF2BA4AD}.Debug|Any CPU.Build.0 = Debug|Any CPU
		{B1342C44-E676-4A00-BE56-528CAF2BA4AD}.Release|Any CPU.ActiveCfg = Release|Any CPU
		{B1342C44-E676-4A00-BE56-528CAF2BA4AD}.Release|Any CPU.Build.0 = Release|Any CPU
	EndGlobalSection
	GlobalSection(SolutionProperties) = preSolution
		HideSolutionNode = FALSE
	EndGlobalSection
	GlobalSection(ExtensibilityGlobals) = postSolution
		SolutionGuid = {739E347F-86BD-41A0-982B-3CCFF5BB27D5}
	EndGlobalSection
EndGlobal
