
Microsoft Visual Studio Solution File, Format Version 12.00
# Visual Studio Version 16
VisualStudioVersion = 16.0.32510.428
MinimumVisualStudioVersion = 10.0.40219.1
Project("{FAE04EC0-301F-11D3-BF4B-00C04F79EFBC}") = "Dictionary_Class_Enumerable_Range", "Dictionary_Class_Enumerable_Range\Dictionary_Class_Enumerable_Range.csproj", "{CC6344CA-B1F4-476D-8B6A-17F0B74E8819}"
EndProject
Global
	GlobalSection(SolutionConfigurationPlatforms) = preSolution
		Debug|Any CPU = Debug|Any CPU
		Release|Any CPU = Release|Any CPU
	EndGlobalSection
	GlobalSection(ProjectConfigurationPlatforms) = postSolution
		{CC6344CA-B1F4-476D-8B6A-17F0B74E8819}.Debug|Any CPU.ActiveCfg = Debug|Any CPU
		{CC6344CA-B1F4-476D-8B6A-17F0B74E8819}.Debug|Any CPU.Build.0 = Debug|Any CPU
		{CC6344CA-B1F4-476D-8B6A-17F0B74E8819}.Release|Any CPU.ActiveCfg = Release|Any CPU
		{CC6344CA-B1F4-476D-8B6A-17F0B74E8819}.Release|Any CPU.Build.0 = Release|Any CPU
	EndGlobalSection
	GlobalSection(SolutionProperties) = preSolution
		HideSolutionNode = FALSE
	EndGlobalSection
	GlobalSection(ExtensibilityGlobals) = postSolution
		SolutionGuid = {234D195A-95D6-49A4-9E63-2849ECCD836F}
	EndGlobalSection
EndGlobal
