
Microsoft Visual Studio Solution File, Format Version 12.00
# Visual Studio Version 16
VisualStudioVersion = 16.0.31005.135
MinimumVisualStudioVersion = 10.0.40219.1
Project("{FAE04EC0-301F-11D3-BF4B-00C04F79EFBC}") = "ArmstrongNumber", "ArmstrongNumber.csproj", "{11D3F755-DF2A-42DF-872E-86B31D89DEDD}"
EndProject
Global
	GlobalSection(SolutionConfigurationPlatforms) = preSolution
		Debug|Any CPU = Debug|Any CPU
		Release|Any CPU = Release|Any CPU
	EndGlobalSection
	GlobalSection(ProjectConfigurationPlatforms) = postSolution
		{11D3F755-DF2A-42DF-872E-86B31D89DEDD}.Debug|Any CPU.ActiveCfg = Debug|Any CPU
		{11D3F755-DF2A-42DF-872E-86B31D89DEDD}.Debug|Any CPU.Build.0 = Debug|Any CPU
		{11D3F755-DF2A-42DF-872E-86B31D89DEDD}.Release|Any CPU.ActiveCfg = Release|Any CPU
		{11D3F755-DF2A-42DF-872E-86B31D89DEDD}.Release|Any CPU.Build.0 = Release|Any CPU
	EndGlobalSection
	GlobalSection(SolutionProperties) = preSolution
		HideSolutionNode = FALSE
	EndGlobalSection
	GlobalSection(ExtensibilityGlobals) = postSolution
		SolutionGuid = {11612D11-F0A4-40D2-AD3B-D98809978F96}
	EndGlobalSection
EndGlobal
