
Microsoft Visual Studio Solution File, Format Version 12.00
# Visual Studio Version 16
VisualStudioVersion = 16.0.32901.82
MinimumVisualStudioVersion = 10.0.40219.1
Project("{FAE04EC0-301F-11D3-BF4B-00C04F79EFBC}") = "var_Keyword_Demo", "var_Keyword_Demo\var_Keyword_Demo.csproj", "{F9B0B0CF-8F01-4D76-8644-08AA0D937429}"
EndProject
Global
	GlobalSection(SolutionConfigurationPlatforms) = preSolution
		Debug|Any CPU = Debug|Any CPU
		Release|Any CPU = Release|Any CPU
	EndGlobalSection
	GlobalSection(ProjectConfigurationPlatforms) = postSolution
		{F9B0B0CF-8F01-4D76-8644-08AA0D937429}.Debug|Any CPU.ActiveCfg = Debug|Any CPU
		{F9B0B0CF-8F01-4D76-8644-08AA0D937429}.Debug|Any CPU.Build.0 = Debug|Any CPU
		{F9B0B0CF-8F01-4D76-8644-08AA0D937429}.Release|Any CPU.ActiveCfg = Release|Any CPU
		{F9B0B0CF-8F01-4D76-8644-08AA0D937429}.Release|Any CPU.Build.0 = Release|Any CPU
	EndGlobalSection
	GlobalSection(SolutionProperties) = preSolution
		HideSolutionNode = FALSE
	EndGlobalSection
	GlobalSection(ExtensibilityGlobals) = postSolution
		SolutionGuid = {D9B2C7FD-9BEE-44FD-B86D-D9B2037C8D8B}
	EndGlobalSection
EndGlobal
