
Microsoft Visual Studio Solution File, Format Version 12.00
# Visual Studio Version 16
VisualStudioVersion = 16.0.32901.82
MinimumVisualStudioVersion = 10.0.40219.1
Project("{FAE04EC0-301F-11D3-BF4B-00C04F79EFBC}") = "Dictionary_Simple", "Dictionary_Simple\Dictionary_Simple.csproj", "{F47D39FE-E050-4288-8216-B7D1BD65DC89}"
EndProject
Global
	GlobalSection(SolutionConfigurationPlatforms) = preSolution
		Debug|Any CPU = Debug|Any CPU
		Release|Any CPU = Release|Any CPU
	EndGlobalSection
	GlobalSection(ProjectConfigurationPlatforms) = postSolution
		{F47D39FE-E050-4288-8216-B7D1BD65DC89}.Debug|Any CPU.ActiveCfg = Debug|Any CPU
		{F47D39FE-E050-4288-8216-B7D1BD65DC89}.Debug|Any CPU.Build.0 = Debug|Any CPU
		{F47D39FE-E050-4288-8216-B7D1BD65DC89}.Release|Any CPU.ActiveCfg = Release|Any CPU
		{F47D39FE-E050-4288-8216-B7D1BD65DC89}.Release|Any CPU.Build.0 = Release|Any CPU
	EndGlobalSection
	GlobalSection(SolutionProperties) = preSolution
		HideSolutionNode = FALSE
	EndGlobalSection
	GlobalSection(ExtensibilityGlobals) = postSolution
		SolutionGuid = {05550001-37B9-472A-888A-2FCED1FD5C2A}
	EndGlobalSection
EndGlobal
