
Microsoft Visual Studio Solution File, Format Version 12.00
# Visual Studio Version 16
VisualStudioVersion = 16.0.32901.82
MinimumVisualStudioVersion = 10.0.40219.1
Project("{FAE04EC0-301F-11D3-BF4B-00C04F79EFBC}") = "Actions_Demo", "Actions_Demo\Actions_Demo.csproj", "{839389FF-9A1C-4FDB-9023-A551ADEA5045}"
EndProject
Global
	GlobalSection(SolutionConfigurationPlatforms) = preSolution
		Debug|Any CPU = Debug|Any CPU
		Release|Any CPU = Release|Any CPU
	EndGlobalSection
	GlobalSection(ProjectConfigurationPlatforms) = postSolution
		{839389FF-9A1C-4FDB-9023-A551ADEA5045}.Debug|Any CPU.ActiveCfg = Debug|Any CPU
		{839389FF-9A1C-4FDB-9023-A551ADEA5045}.Debug|Any CPU.Build.0 = Debug|Any CPU
		{839389FF-9A1C-4FDB-9023-A551ADEA5045}.Release|Any CPU.ActiveCfg = Release|Any CPU
		{839389FF-9A1C-4FDB-9023-A551ADEA5045}.Release|Any CPU.Build.0 = Release|Any CPU
	EndGlobalSection
	GlobalSection(SolutionProperties) = preSolution
		HideSolutionNode = FALSE
	EndGlobalSection
	GlobalSection(ExtensibilityGlobals) = postSolution
		SolutionGuid = {5D490A19-419C-49AE-AE66-E5DBAF07871C}
	EndGlobalSection
EndGlobal
