
Microsoft Visual Studio Solution File, Format Version 12.00
# Visual Studio Version 16
VisualStudioVersion = 16.0.32510.428
MinimumVisualStudioVersion = 10.0.40219.1
Project("{FAE04EC0-301F-11D3-BF4B-00C04F79EFBC}") = "Aristo_InterfaceDemo", "Aristo_InterfaceDemo\Aristo_InterfaceDemo.csproj", "{A1E536DA-A981-46EB-841A-18CBC23DEF09}"
EndProject
Global
	GlobalSection(SolutionConfigurationPlatforms) = preSolution
		Debug|Any CPU = Debug|Any CPU
		Release|Any CPU = Release|Any CPU
	EndGlobalSection
	GlobalSection(ProjectConfigurationPlatforms) = postSolution
		{A1E536DA-A981-46EB-841A-18CBC23DEF09}.Debug|Any CPU.ActiveCfg = Debug|Any CPU
		{A1E536DA-A981-46EB-841A-18CBC23DEF09}.Debug|Any CPU.Build.0 = Debug|Any CPU
		{A1E536DA-A981-46EB-841A-18CBC23DEF09}.Release|Any CPU.ActiveCfg = Release|Any CPU
		{A1E536DA-A981-46EB-841A-18CBC23DEF09}.Release|Any CPU.Build.0 = Release|Any CPU
	EndGlobalSection
	GlobalSection(SolutionProperties) = preSolution
		HideSolutionNode = FALSE
	EndGlobalSection
	GlobalSection(ExtensibilityGlobals) = postSolution
		SolutionGuid = {134EFA80-7AF7-48B6-8BF8-2BACD915C163}
	EndGlobalSection
EndGlobal
