
Microsoft Visual Studio Solution File, Format Version 12.00
# Visual Studio Version 16
VisualStudioVersion = 16.0.31205.134
MinimumVisualStudioVersion = 10.0.40219.1
Project("{FAE04EC0-301F-11D3-BF4B-00C04F79EFBC}") = "InterfaceDemo", "InterfaceDemo\InterfaceDemo.csproj", "{891C6ABC-B51B-49D0-BE43-AB8655404468}"
EndProject
Global
	GlobalSection(SolutionConfigurationPlatforms) = preSolution
		Debug|Any CPU = Debug|Any CPU
		Release|Any CPU = Release|Any CPU
	EndGlobalSection
	GlobalSection(ProjectConfigurationPlatforms) = postSolution
		{891C6ABC-B51B-49D0-BE43-AB8655404468}.Debug|Any CPU.ActiveCfg = Debug|Any CPU
		{891C6ABC-B51B-49D0-BE43-AB8655404468}.Debug|Any CPU.Build.0 = Debug|Any CPU
		{891C6ABC-B51B-49D0-BE43-AB8655404468}.Release|Any CPU.ActiveCfg = Release|Any CPU
		{891C6ABC-B51B-49D0-BE43-AB8655404468}.Release|Any CPU.Build.0 = Release|Any CPU
	EndGlobalSection
	GlobalSection(SolutionProperties) = preSolution
		HideSolutionNode = FALSE
	EndGlobalSection
	GlobalSection(ExtensibilityGlobals) = postSolution
		SolutionGuid = {53BB0035-6EAB-42DA-B6DB-0EF3E495D3B7}
	EndGlobalSection
EndGlobal
