
Microsoft Visual Studio Solution File, Format Version 12.00
# Visual Studio Version 16
VisualStudioVersion = 16.0.32510.428
MinimumVisualStudioVersion = 10.0.40219.1
Project("{FAE04EC0-301F-11D3-BF4B-00C04F79EFBC}") = "Extension_Method_LINQ_Even_Number", "Extension_Method_LINQ_Even_Number\Extension_Method_LINQ_Even_Number.csproj", "{D16F45E6-CB05-4211-9217-E09654200798}"
EndProject
Global
	GlobalSection(SolutionConfigurationPlatforms) = preSolution
		Debug|Any CPU = Debug|Any CPU
		Release|Any CPU = Release|Any CPU
	EndGlobalSection
	GlobalSection(ProjectConfigurationPlatforms) = postSolution
		{D16F45E6-CB05-4211-9217-E09654200798}.Debug|Any CPU.ActiveCfg = Debug|Any CPU
		{D16F45E6-CB05-4211-9217-E09654200798}.Debug|Any CPU.Build.0 = Debug|Any CPU
		{D16F45E6-CB05-4211-9217-E09654200798}.Release|Any CPU.ActiveCfg = Release|Any CPU
		{D16F45E6-CB05-4211-9217-E09654200798}.Release|Any CPU.Build.0 = Release|Any CPU
	EndGlobalSection
	GlobalSection(SolutionProperties) = preSolution
		HideSolutionNode = FALSE
	EndGlobalSection
	GlobalSection(ExtensibilityGlobals) = postSolution
		SolutionGuid = {FF36607B-3191-4AA1-B8CD-0825C59333A4}
	EndGlobalSection
EndGlobal
