
Microsoft Visual Studio Solution File, Format Version 12.00
# Visual Studio Version 16
VisualStudioVersion = 16.0.31005.135
MinimumVisualStudioVersion = 10.0.40219.1
Project("{FAE04EC0-301F-11D3-BF4B-00C04F79EFBC}") = "LargestElementInArray", "LargestElementInArray.csproj", "{43F2295E-1F21-4F4E-8068-86AB362B743D}"
EndProject
Global
	GlobalSection(SolutionConfigurationPlatforms) = preSolution
		Debug|Any CPU = Debug|Any CPU
		Release|Any CPU = Release|Any CPU
	EndGlobalSection
	GlobalSection(ProjectConfigurationPlatforms) = postSolution
		{43F2295E-1F21-4F4E-8068-86AB362B743D}.Debug|Any CPU.ActiveCfg = Debug|Any CPU
		{43F2295E-1F21-4F4E-8068-86AB362B743D}.Debug|Any CPU.Build.0 = Debug|Any CPU
		{43F2295E-1F21-4F4E-8068-86AB362B743D}.Release|Any CPU.ActiveCfg = Release|Any CPU
		{43F2295E-1F21-4F4E-8068-86AB362B743D}.Release|Any CPU.Build.0 = Release|Any CPU
	EndGlobalSection
	GlobalSection(SolutionProperties) = preSolution
		HideSolutionNode = FALSE
	EndGlobalSection
	GlobalSection(ExtensibilityGlobals) = postSolution
		SolutionGuid = {90A20153-DCCA-4D42-8E25-516A41E7EAC1}
	EndGlobalSection
EndGlobal
