
Microsoft Visual Studio Solution File, Format Version 12.00
# Visual Studio Version 16
VisualStudioVersion = 16.0.32901.82
MinimumVisualStudioVersion = 10.0.40219.1
Project("{FAE04EC0-301F-11D3-BF4B-00C04F79EFBC}") = "Aristo_Int_Object", "Aristo_Int_Object\Aristo_Int_Object.csproj", "{A475F3D2-C058-46CA-8026-2389C630C9D5}"
EndProject
Global
	GlobalSection(SolutionConfigurationPlatforms) = preSolution
		Debug|Any CPU = Debug|Any CPU
		Release|Any CPU = Release|Any CPU
	EndGlobalSection
	GlobalSection(ProjectConfigurationPlatforms) = postSolution
		{A475F3D2-C058-46CA-8026-2389C630C9D5}.Debug|Any CPU.ActiveCfg = Debug|Any CPU
		{A475F3D2-C058-46CA-8026-2389C630C9D5}.Debug|Any CPU.Build.0 = Debug|Any CPU
		{A475F3D2-C058-46CA-8026-2389C630C9D5}.Release|Any CPU.ActiveCfg = Release|Any CPU
		{A475F3D2-C058-46CA-8026-2389C630C9D5}.Release|Any CPU.Build.0 = Release|Any CPU
	EndGlobalSection
	GlobalSection(SolutionProperties) = preSolution
		HideSolutionNode = FALSE
	EndGlobalSection
	GlobalSection(ExtensibilityGlobals) = postSolution
		SolutionGuid = {9E55F6A9-E8B1-4079-A582-02ED5E493C7D}
	EndGlobalSection
EndGlobal
