
Microsoft Visual Studio Solution File, Format Version 12.00
# Visual Studio Version 16
VisualStudioVersion = 16.0.32901.82
MinimumVisualStudioVersion = 10.0.40219.1
Project("{FAE04EC0-301F-11D3-BF4B-00C04F79EFBC}") = "IfElse_Statement", "IfElse_Statement\IfElse_Statement.csproj", "{3404E16E-0BB0-487D-947B-7FC40B0673DE}"
EndProject
Global
	GlobalSection(SolutionConfigurationPlatforms) = preSolution
		Debug|Any CPU = Debug|Any CPU
		Release|Any CPU = Release|Any CPU
	EndGlobalSection
	GlobalSection(ProjectConfigurationPlatforms) = postSolution
		{3404E16E-0BB0-487D-947B-7FC40B0673DE}.Debug|Any CPU.ActiveCfg = Debug|Any CPU
		{3404E16E-0BB0-487D-947B-7FC40B0673DE}.Debug|Any CPU.Build.0 = Debug|Any CPU
		{3404E16E-0BB0-487D-947B-7FC40B0673DE}.Release|Any CPU.ActiveCfg = Release|Any CPU
		{3404E16E-0BB0-487D-947B-7FC40B0673DE}.Release|Any CPU.Build.0 = Release|Any CPU
	EndGlobalSection
	GlobalSection(SolutionProperties) = preSolution
		HideSolutionNode = FALSE
	EndGlobalSection
	GlobalSection(ExtensibilityGlobals) = postSolution
		SolutionGuid = {64BFCACE-881A-4B09-94D0-B60D0E054A4C}
	EndGlobalSection
EndGlobal
