
Microsoft Visual Studio Solution File, Format Version 12.00
# Visual Studio Version 16
VisualStudioVersion = 16.0.32228.343
MinimumVisualStudioVersion = 10.0.40219.1
Project("{FAE04EC0-301F-11D3-BF4B-00C04F79EFBC}") = "MultipleInterfaceExample", "MultipleInterfaceExample\MultipleInterfaceExample.csproj", "{BA7FF53D-B149-4B3E-93DD-6E445A58FE85}"
EndProject
Global
	GlobalSection(SolutionConfigurationPlatforms) = preSolution
		Debug|Any CPU = Debug|Any CPU
		Release|Any CPU = Release|Any CPU
	EndGlobalSection
	GlobalSection(ProjectConfigurationPlatforms) = postSolution
		{BA7FF53D-B149-4B3E-93DD-6E445A58FE85}.Debug|Any CPU.ActiveCfg = Debug|Any CPU
		{BA7FF53D-B149-4B3E-93DD-6E445A58FE85}.Debug|Any CPU.Build.0 = Debug|Any CPU
		{BA7FF53D-B149-4B3E-93DD-6E445A58FE85}.Release|Any CPU.ActiveCfg = Release|Any CPU
		{BA7FF53D-B149-4B3E-93DD-6E445A58FE85}.Release|Any CPU.Build.0 = Release|Any CPU
	EndGlobalSection
	GlobalSection(SolutionProperties) = preSolution
		HideSolutionNode = FALSE
	EndGlobalSection
	GlobalSection(ExtensibilityGlobals) = postSolution
		SolutionGuid = {77FD3A4F-7C60-4EE1-B306-F89152BB1109}
	EndGlobalSection
EndGlobal
