
Microsoft Visual Studio Solution File, Format Version 12.00
# Visual Studio Version 16
VisualStudioVersion = 16.0.32901.82
MinimumVisualStudioVersion = 10.0.40219.1
Project("{FAE04EC0-301F-11D3-BF4B-00C04F79EFBC}") = "Sealed_Class_Inheritance", "Sealed_Class_Inheritance\Sealed_Class_Inheritance.csproj", "{BB719DB6-DDAE-4D2F-81A3-EAFE1731A635}"
EndProject
Global
	GlobalSection(SolutionConfigurationPlatforms) = preSolution
		Debug|Any CPU = Debug|Any CPU
		Release|Any CPU = Release|Any CPU
	EndGlobalSection
	GlobalSection(ProjectConfigurationPlatforms) = postSolution
		{BB719DB6-DDAE-4D2F-81A3-EAFE1731A635}.Debug|Any CPU.ActiveCfg = Debug|Any CPU
		{BB719DB6-DDAE-4D2F-81A3-EAFE1731A635}.Debug|Any CPU.Build.0 = Debug|Any CPU
		{BB719DB6-DDAE-4D2F-81A3-EAFE1731A635}.Release|Any CPU.ActiveCfg = Release|Any CPU
		{BB719DB6-DDAE-4D2F-81A3-EAFE1731A635}.Release|Any CPU.Build.0 = Release|Any CPU
	EndGlobalSection
	GlobalSection(SolutionProperties) = preSolution
		HideSolutionNode = FALSE
	EndGlobalSection
	GlobalSection(ExtensibilityGlobals) = postSolution
		SolutionGuid = {095A0F45-0B5B-4499-B017-9113B0AC61A1}
	EndGlobalSection
EndGlobal
