
Microsoft Visual Studio Solution File, Format Version 12.00
# Visual Studio Version 16
VisualStudioVersion = 16.0.32901.82
MinimumVisualStudioVersion = 10.0.40219.1
Project("{FAE04EC0-301F-11D3-BF4B-00C04F79EFBC}") = "Array_Square", "Array_Square\Array_Square.csproj", "{1C7219FB-ACCC-4DC1-81DA-19CA70110A39}"
EndProject
Global
	GlobalSection(SolutionConfigurationPlatforms) = preSolution
		Debug|Any CPU = Debug|Any CPU
		Release|Any CPU = Release|Any CPU
	EndGlobalSection
	GlobalSection(ProjectConfigurationPlatforms) = postSolution
		{1C7219FB-ACCC-4DC1-81DA-19CA70110A39}.Debug|Any CPU.ActiveCfg = Debug|Any CPU
		{1C7219FB-ACCC-4DC1-81DA-19CA70110A39}.Debug|Any CPU.Build.0 = Debug|Any CPU
		{1C7219FB-ACCC-4DC1-81DA-19CA70110A39}.Release|Any CPU.ActiveCfg = Release|Any CPU
		{1C7219FB-ACCC-4DC1-81DA-19CA70110A39}.Release|Any CPU.Build.0 = Release|Any CPU
	EndGlobalSection
	GlobalSection(SolutionProperties) = preSolution
		HideSolutionNode = FALSE
	EndGlobalSection
	GlobalSection(ExtensibilityGlobals) = postSolution
		SolutionGuid = {55988795-E274-496B-A1FF-A485B28DA107}
	EndGlobalSection
EndGlobal
