
Microsoft Visual Studio Solution File, Format Version 12.00
# Visual Studio Version 16
VisualStudioVersion = 16.0.32802.440
MinimumVisualStudioVersion = 10.0.40219.1
Project("{FAE04EC0-301F-11D3-BF4B-00C04F79EFBC}") = "Dictionary_Remove_Function", "Dictionary_Remove_Function\Dictionary_Remove_Function.csproj", "{7116D29F-D655-43E1-BD8E-AB16FAE73B9A}"
EndProject
Global
	GlobalSection(SolutionConfigurationPlatforms) = preSolution
		Debug|Any CPU = Debug|Any CPU
		Release|Any CPU = Release|Any CPU
	EndGlobalSection
	GlobalSection(ProjectConfigurationPlatforms) = postSolution
		{7116D29F-D655-43E1-BD8E-AB16FAE73B9A}.Debug|Any CPU.ActiveCfg = Debug|Any CPU
		{7116D29F-D655-43E1-BD8E-AB16FAE73B9A}.Debug|Any CPU.Build.0 = Debug|Any CPU
		{7116D29F-D655-43E1-BD8E-AB16FAE73B9A}.Release|Any CPU.ActiveCfg = Release|Any CPU
		{7116D29F-D655-43E1-BD8E-AB16FAE73B9A}.Release|Any CPU.Build.0 = Release|Any CPU
	EndGlobalSection
	GlobalSection(SolutionProperties) = preSolution
		HideSolutionNode = FALSE
	EndGlobalSection
	GlobalSection(ExtensibilityGlobals) = postSolution
		SolutionGuid = {5E0F9B42-E7C1-40D6-846D-A0D544153871}
	EndGlobalSection
EndGlobal
