
Microsoft Visual Studio Solution File, Format Version 12.00
# Visual Studio Version 16
VisualStudioVersion = 16.0.32228.343
MinimumVisualStudioVersion = 10.0.40219.1
Project("{FAE04EC0-301F-11D3-BF4B-00C04F79EFBC}") = "StackPush", "StackPush\StackPush.csproj", "{221B63DF-1CB4-4F0B-B325-8FB7E1A53106}"
EndProject
Global
	GlobalSection(SolutionConfigurationPlatforms) = preSolution
		Debug|Any CPU = Debug|Any CPU
		Release|Any CPU = Release|Any CPU
	EndGlobalSection
	GlobalSection(ProjectConfigurationPlatforms) = postSolution
		{221B63DF-1CB4-4F0B-B325-8FB7E1A53106}.Debug|Any CPU.ActiveCfg = Debug|Any CPU
		{221B63DF-1CB4-4F0B-B325-8FB7E1A53106}.Debug|Any CPU.Build.0 = Debug|Any CPU
		{221B63DF-1CB4-4F0B-B325-8FB7E1A53106}.Release|Any CPU.ActiveCfg = Release|Any CPU
		{221B63DF-1CB4-4F0B-B325-8FB7E1A53106}.Release|Any CPU.Build.0 = Release|Any CPU
	EndGlobalSection
	GlobalSection(SolutionProperties) = preSolution
		HideSolutionNode = FALSE
	EndGlobalSection
	GlobalSection(ExtensibilityGlobals) = postSolution
		SolutionGuid = {9940EEBD-87B1-484E-AF13-8E2B158482EE}
	EndGlobalSection
EndGlobal
