
Microsoft Visual Studio Solution File, Format Version 12.00
# Visual Studio Version 16
VisualStudioVersion = 16.0.32228.343
MinimumVisualStudioVersion = 10.0.40219.1
Project("{FAE04EC0-301F-11D3-BF4B-00C04F79EFBC}") = "LINQ_From_Select", "LINQ_From_Select\LINQ_From_Select.csproj", "{E8BDB701-DB0F-48C0-AFB8-2CAB21B7846C}"
EndProject
Global
	GlobalSection(SolutionConfigurationPlatforms) = preSolution
		Debug|Any CPU = Debug|Any CPU
		Release|Any CPU = Release|Any CPU
	EndGlobalSection
	GlobalSection(ProjectConfigurationPlatforms) = postSolution
		{E8BDB701-DB0F-48C0-AFB8-2CAB21B7846C}.Debug|Any CPU.ActiveCfg = Debug|Any CPU
		{E8BDB701-DB0F-48C0-AFB8-2CAB21B7846C}.Debug|Any CPU.Build.0 = Debug|Any CPU
		{E8BDB701-DB0F-48C0-AFB8-2CAB21B7846C}.Release|Any CPU.ActiveCfg = Release|Any CPU
		{E8BDB701-DB0F-48C0-AFB8-2CAB21B7846C}.Release|Any CPU.Build.0 = Release|Any CPU
	EndGlobalSection
	GlobalSection(SolutionProperties) = preSolution
		HideSolutionNode = FALSE
	EndGlobalSection
	GlobalSection(ExtensibilityGlobals) = postSolution
		SolutionGuid = {F57B5C06-3D20-4E9E-93FF-DE4386CA8D78}
	EndGlobalSection
EndGlobal
