
Microsoft Visual Studio Solution File, Format Version 12.00
# Visual Studio Version 16
VisualStudioVersion = 16.0.32901.82
MinimumVisualStudioVersion = 10.0.40219.1
Project("{FAE04EC0-301F-11D3-BF4B-00C04F79EFBC}") = "Object_Initializer_Assign_Value", "Object_Initializer_Assign_Value\Object_Initializer_Assign_Value.csproj", "{06E0C15E-9F24-42C2-8A56-38080F97C125}"
EndProject
Global
	GlobalSection(SolutionConfigurationPlatforms) = preSolution
		Debug|Any CPU = Debug|Any CPU
		Release|Any CPU = Release|Any CPU
	EndGlobalSection
	GlobalSection(ProjectConfigurationPlatforms) = postSolution
		{06E0C15E-9F24-42C2-8A56-38080F97C125}.Debug|Any CPU.ActiveCfg = Debug|Any CPU
		{06E0C15E-9F24-42C2-8A56-38080F97C125}.Debug|Any CPU.Build.0 = Debug|Any CPU
		{06E0C15E-9F24-42C2-8A56-38080F97C125}.Release|Any CPU.ActiveCfg = Release|Any CPU
		{06E0C15E-9F24-42C2-8A56-38080F97C125}.Release|Any CPU.Build.0 = Release|Any CPU
	EndGlobalSection
	GlobalSection(SolutionProperties) = preSolution
		HideSolutionNode = FALSE
	EndGlobalSection
	GlobalSection(ExtensibilityGlobals) = postSolution
		SolutionGuid = {D47EA21E-5CF2-4F8C-BDDE-A6F56077A6D6}
	EndGlobalSection
EndGlobal
