
Microsoft Visual Studio Solution File, Format Version 12.00
# Visual Studio Version 16
VisualStudioVersion = 16.0.32901.82
MinimumVisualStudioVersion = 10.0.40219.1
Project("{FAE04EC0-301F-11D3-BF4B-00C04F79EFBC}") = "LINQ_from_where_select", "LINQ_from_where_select\LINQ_from_where_select.csproj", "{24476EEB-4F1C-4DAB-AC3B-2ED7EC376E3A}"
EndProject
Global
	GlobalSection(SolutionConfigurationPlatforms) = preSolution
		Debug|Any CPU = Debug|Any CPU
		Release|Any CPU = Release|Any CPU
	EndGlobalSection
	GlobalSection(ProjectConfigurationPlatforms) = postSolution
		{24476EEB-4F1C-4DAB-AC3B-2ED7EC376E3A}.Debug|Any CPU.ActiveCfg = Debug|Any CPU
		{24476EEB-4F1C-4DAB-AC3B-2ED7EC376E3A}.Debug|Any CPU.Build.0 = Debug|Any CPU
		{24476EEB-4F1C-4DAB-AC3B-2ED7EC376E3A}.Release|Any CPU.ActiveCfg = Release|Any CPU
		{24476EEB-4F1C-4DAB-AC3B-2ED7EC376E3A}.Release|Any CPU.Build.0 = Release|Any CPU
	EndGlobalSection
	GlobalSection(SolutionProperties) = preSolution
		HideSolutionNode = FALSE
	EndGlobalSection
	GlobalSection(ExtensibilityGlobals) = postSolution
		SolutionGuid = {54BCC509-BC90-4C00-891C-DC92C44DA3B5}
	EndGlobalSection
EndGlobal
