
Microsoft Visual Studio Solution File, Format Version 12.00
# Visual Studio Version 16
VisualStudioVersion = 16.0.31005.135
MinimumVisualStudioVersion = 10.0.40219.1
Project("{FAE04EC0-301F-11D3-BF4B-00C04F79EFBC}") = "VowelConsonant", "VowelConsonant.csproj", "{7709B169-4865-49F5-AC53-EB56EAC6C61F}"
EndProject
Global
	GlobalSection(SolutionConfigurationPlatforms) = preSolution
		Debug|Any CPU = Debug|Any CPU
		Release|Any CPU = Release|Any CPU
	EndGlobalSection
	GlobalSection(ProjectConfigurationPlatforms) = postSolution
		{7709B169-4865-49F5-AC53-EB56EAC6C61F}.Debug|Any CPU.ActiveCfg = Debug|Any CPU
		{7709B169-4865-49F5-AC53-EB56EAC6C61F}.Debug|Any CPU.Build.0 = Debug|Any CPU
		{7709B169-4865-49F5-AC53-EB56EAC6C61F}.Release|Any CPU.ActiveCfg = Release|Any CPU
		{7709B169-4865-49F5-AC53-EB56EAC6C61F}.Release|Any CPU.Build.0 = Release|Any CPU
	EndGlobalSection
	GlobalSection(SolutionProperties) = preSolution
		HideSolutionNode = FALSE
	EndGlobalSection
	GlobalSection(ExtensibilityGlobals) = postSolution
		SolutionGuid = {8D763AE7-FF1B-48C9-92CC-EFB587D18B05}
	EndGlobalSection
EndGlobal
