
Microsoft Visual Studio Solution File, Format Version 12.00
# Visual Studio Version 16
VisualStudioVersion = 16.0.31205.134
MinimumVisualStudioVersion = 10.0.40219.1
Project("{FAE04EC0-301F-11D3-BF4B-00C04F79EFBC}") = "HelloAnkit", "HelloAnkit\HelloAnkit.csproj", "{F6FDB53D-DDB2-47D1-BB34-F8DA0E7882AB}"
EndProject
Global
	GlobalSection(SolutionConfigurationPlatforms) = preSolution
		Debug|Any CPU = Debug|Any CPU
		Release|Any CPU = Release|Any CPU
	EndGlobalSection
	GlobalSection(ProjectConfigurationPlatforms) = postSolution
		{F6FDB53D-DDB2-47D1-BB34-F8DA0E7882AB}.Debug|Any CPU.ActiveCfg = Debug|Any CPU
		{F6FDB53D-DDB2-47D1-BB34-F8DA0E7882AB}.Debug|Any CPU.Build.0 = Debug|Any CPU
		{F6FDB53D-DDB2-47D1-BB34-F8DA0E7882AB}.Release|Any CPU.ActiveCfg = Release|Any CPU
		{F6FDB53D-DDB2-47D1-BB34-F8DA0E7882AB}.Release|Any CPU.Build.0 = Release|Any CPU
	EndGlobalSection
	GlobalSection(SolutionProperties) = preSolution
		HideSolutionNode = FALSE
	EndGlobalSection
	GlobalSection(ExtensibilityGlobals) = postSolution
		SolutionGuid = {C0847960-A9EF-4BFB-93A2-3406850ED280}
	EndGlobalSection
EndGlobal
