
Microsoft Visual Studio Solution File, Format Version 12.00
# Visual Studio Version 16
VisualStudioVersion = 16.0.32510.428
MinimumVisualStudioVersion = 10.0.40219.1
Project("{FAE04EC0-301F-11D3-BF4B-00C04F79EFBC}") = "GenericT_Stack", "GenericT_Stack\GenericT_Stack.csproj", "{3119A413-61B4-43EE-AFFB-5EA7F6F7ADBD}"
EndProject
Global
	GlobalSection(SolutionConfigurationPlatforms) = preSolution
		Debug|Any CPU = Debug|Any CPU
		Release|Any CPU = Release|Any CPU
	EndGlobalSection
	GlobalSection(ProjectConfigurationPlatforms) = postSolution
		{3119A413-61B4-43EE-AFFB-5EA7F6F7ADBD}.Debug|Any CPU.ActiveCfg = Debug|Any CPU
		{3119A413-61B4-43EE-AFFB-5EA7F6F7ADBD}.Debug|Any CPU.Build.0 = Debug|Any CPU
		{3119A413-61B4-43EE-AFFB-5EA7F6F7ADBD}.Release|Any CPU.ActiveCfg = Release|Any CPU
		{3119A413-61B4-43EE-AFFB-5EA7F6F7ADBD}.Release|Any CPU.Build.0 = Release|Any CPU
	EndGlobalSection
	GlobalSection(SolutionProperties) = preSolution
		HideSolutionNode = FALSE
	EndGlobalSection
	GlobalSection(ExtensibilityGlobals) = postSolution
		SolutionGuid = {0AB6962A-3CC4-47FA-8FFC-DC600EBF840D}
	EndGlobalSection
EndGlobal
