
Microsoft Visual Studio Solution File, Format Version 12.00
# Visual Studio Version 16
VisualStudioVersion = 16.0.32510.428
MinimumVisualStudioVersion = 10.0.40219.1
Project("{FAE04EC0-301F-11D3-BF4B-00C04F79EFBC}") = "Lamda_As_Parameter_In_Method", "Lamda_As_Parameter_In_Method\Lamda_As_Parameter_In_Method.csproj", "{8611FB67-3521-4AF6-AC1E-493D90D82DA7}"
EndProject
Global
	GlobalSection(SolutionConfigurationPlatforms) = preSolution
		Debug|Any CPU = Debug|Any CPU
		Release|Any CPU = Release|Any CPU
	EndGlobalSection
	GlobalSection(ProjectConfigurationPlatforms) = postSolution
		{8611FB67-3521-4AF6-AC1E-493D90D82DA7}.Debug|Any CPU.ActiveCfg = Debug|Any CPU
		{8611FB67-3521-4AF6-AC1E-493D90D82DA7}.Debug|Any CPU.Build.0 = Debug|Any CPU
		{8611FB67-3521-4AF6-AC1E-493D90D82DA7}.Release|Any CPU.ActiveCfg = Release|Any CPU
		{8611FB67-3521-4AF6-AC1E-493D90D82DA7}.Release|Any CPU.Build.0 = Release|Any CPU
	EndGlobalSection
	GlobalSection(SolutionProperties) = preSolution
		HideSolutionNode = FALSE
	EndGlobalSection
	GlobalSection(ExtensibilityGlobals) = postSolution
		SolutionGuid = {73EE00C8-41E3-45AD-BB16-1676C05DDCC8}
	EndGlobalSection
EndGlobal
