
Microsoft Visual Studio Solution File, Format Version 12.00
# Visual Studio Version 16
VisualStudioVersion = 16.0.32510.428
MinimumVisualStudioVersion = 10.0.40219.1
Project("{FAE04EC0-301F-11D3-BF4B-00C04F79EFBC}") = "SealedClass", "SealedClass\SealedClass.csproj", "{630B57D0-488B-461D-81AF-801E6C436194}"
EndProject
Global
	GlobalSection(SolutionConfigurationPlatforms) = preSolution
		Debug|Any CPU = Debug|Any CPU
		Release|Any CPU = Release|Any CPU
	EndGlobalSection
	GlobalSection(ProjectConfigurationPlatforms) = postSolution
		{630B57D0-488B-461D-81AF-801E6C436194}.Debug|Any CPU.ActiveCfg = Debug|Any CPU
		{630B57D0-488B-461D-81AF-801E6C436194}.Debug|Any CPU.Build.0 = Debug|Any CPU
		{630B57D0-488B-461D-81AF-801E6C436194}.Release|Any CPU.ActiveCfg = Release|Any CPU
		{630B57D0-488B-461D-81AF-801E6C436194}.Release|Any CPU.Build.0 = Release|Any CPU
	EndGlobalSection
	GlobalSection(SolutionProperties) = preSolution
		HideSolutionNode = FALSE
	EndGlobalSection
	GlobalSection(ExtensibilityGlobals) = postSolution
		SolutionGuid = {C1E3AC3F-814A-4ABF-B394-33AA2C7425B4}
	EndGlobalSection
EndGlobal
