
Microsoft Visual Studio Solution File, Format Version 12.00
# Visual Studio Version 16
VisualStudioVersion = 16.0.32510.428
MinimumVisualStudioVersion = 10.0.40219.1
Project("{FAE04EC0-301F-11D3-BF4B-00C04F79EFBC}") = "IDictionary_Interface", "IDictionary_Interface\IDictionary_Interface.csproj", "{D9219C7F-B797-4D3C-A230-BBCC3276B722}"
EndProject
Global
	GlobalSection(SolutionConfigurationPlatforms) = preSolution
		Debug|Any CPU = Debug|Any CPU
		Release|Any CPU = Release|Any CPU
	EndGlobalSection
	GlobalSection(ProjectConfigurationPlatforms) = postSolution
		{D9219C7F-B797-4D3C-A230-BBCC3276B722}.Debug|Any CPU.ActiveCfg = Debug|Any CPU
		{D9219C7F-B797-4D3C-A230-BBCC3276B722}.Debug|Any CPU.Build.0 = Debug|Any CPU
		{D9219C7F-B797-4D3C-A230-BBCC3276B722}.Release|Any CPU.ActiveCfg = Release|Any CPU
		{D9219C7F-B797-4D3C-A230-BBCC3276B722}.Release|Any CPU.Build.0 = Release|Any CPU
	EndGlobalSection
	GlobalSection(SolutionProperties) = preSolution
		HideSolutionNode = FALSE
	EndGlobalSection
	GlobalSection(ExtensibilityGlobals) = postSolution
		SolutionGuid = {892DAC17-5B7E-4483-8477-F2080D3F4416}
	EndGlobalSection
EndGlobal
