
Microsoft Visual Studio Solution File, Format Version 12.00
# Visual Studio Version 16
VisualStudioVersion = 16.0.32510.428
MinimumVisualStudioVersion = 10.0.40219.1
Project("{FAE04EC0-301F-11D3-BF4B-00C04F79EFBC}") = "LINQ_Select_Distinct_List", "LINQ_Select_Distinct_List\LINQ_Select_Distinct_List.csproj", "{9873C467-5A99-4336-94B4-A2A264442DCB}"
EndProject
Global
	GlobalSection(SolutionConfigurationPlatforms) = preSolution
		Debug|Any CPU = Debug|Any CPU
		Release|Any CPU = Release|Any CPU
	EndGlobalSection
	GlobalSection(ProjectConfigurationPlatforms) = postSolution
		{9873C467-5A99-4336-94B4-A2A264442DCB}.Debug|Any CPU.ActiveCfg = Debug|Any CPU
		{9873C467-5A99-4336-94B4-A2A264442DCB}.Debug|Any CPU.Build.0 = Debug|Any CPU
		{9873C467-5A99-4336-94B4-A2A264442DCB}.Release|Any CPU.ActiveCfg = Release|Any CPU
		{9873C467-5A99-4336-94B4-A2A264442DCB}.Release|Any CPU.Build.0 = Release|Any CPU
	EndGlobalSection
	GlobalSection(SolutionProperties) = preSolution
		HideSolutionNode = FALSE
	EndGlobalSection
	GlobalSection(ExtensibilityGlobals) = postSolution
		SolutionGuid = {2A13F56B-1EC2-4880-A8E3-2C4B45B99270}
	EndGlobalSection
EndGlobal
