
Microsoft Visual Studio Solution File, Format Version 12.00
# Visual Studio Version 16
VisualStudioVersion = 16.0.32510.428
MinimumVisualStudioVersion = 10.0.40219.1
Project("{FAE04EC0-301F-11D3-BF4B-00C04F79EFBC}") = "Natural_Number_Factors", "Natural_Number_Factors\Natural_Number_Factors.csproj", "{C9F09E71-CC9C-4FC4-B469-8F936FC9B937}"
EndProject
Global
	GlobalSection(SolutionConfigurationPlatforms) = preSolution
		Debug|Any CPU = Debug|Any CPU
		Release|Any CPU = Release|Any CPU
	EndGlobalSection
	GlobalSection(ProjectConfigurationPlatforms) = postSolution
		{C9F09E71-CC9C-4FC4-B469-8F936FC9B937}.Debug|Any CPU.ActiveCfg = Debug|Any CPU
		{C9F09E71-CC9C-4FC4-B469-8F936FC9B937}.Debug|Any CPU.Build.0 = Debug|Any CPU
		{C9F09E71-CC9C-4FC4-B469-8F936FC9B937}.Release|Any CPU.ActiveCfg = Release|Any CPU
		{C9F09E71-CC9C-4FC4-B469-8F936FC9B937}.Release|Any CPU.Build.0 = Release|Any CPU
	EndGlobalSection
	GlobalSection(SolutionProperties) = preSolution
		HideSolutionNode = FALSE
	EndGlobalSection
	GlobalSection(ExtensibilityGlobals) = postSolution
		SolutionGuid = {2A5FCA8F-85E3-40AB-A571-8D7225428C16}
	EndGlobalSection
EndGlobal
