
Microsoft Visual Studio Solution File, Format Version 12.00
# Visual Studio Version 16
VisualStudioVersion = 16.0.32901.82
MinimumVisualStudioVersion = 10.0.40219.1
Project("{FAE04EC0-301F-11D3-BF4B-00C04F79EFBC}") = "Nullable_Type", "Nullable_Type\Nullable_Type.csproj", "{3E00BDF9-4172-49DE-AB96-596D627EAA1F}"
EndProject
Global
	GlobalSection(SolutionConfigurationPlatforms) = preSolution
		Debug|Any CPU = Debug|Any CPU
		Release|Any CPU = Release|Any CPU
	EndGlobalSection
	GlobalSection(ProjectConfigurationPlatforms) = postSolution
		{3E00BDF9-4172-49DE-AB96-596D627EAA1F}.Debug|Any CPU.ActiveCfg = Debug|Any CPU
		{3E00BDF9-4172-49DE-AB96-596D627EAA1F}.Debug|Any CPU.Build.0 = Debug|Any CPU
		{3E00BDF9-4172-49DE-AB96-596D627EAA1F}.Release|Any CPU.ActiveCfg = Release|Any CPU
		{3E00BDF9-4172-49DE-AB96-596D627EAA1F}.Release|Any CPU.Build.0 = Release|Any CPU
	EndGlobalSection
	GlobalSection(SolutionProperties) = preSolution
		HideSolutionNode = FALSE
	EndGlobalSection
	GlobalSection(ExtensibilityGlobals) = postSolution
		SolutionGuid = {E32E5BC1-A8CD-4251-9BE5-3DCC94EF1347}
	EndGlobalSection
EndGlobal
