
Microsoft Visual Studio Solution File, Format Version 12.00
# Visual Studio Version 16
VisualStudioVersion = 16.0.32510.428
MinimumVisualStudioVersion = 10.0.40219.1
Project("{FAE04EC0-301F-11D3-BF4B-00C04F79EFBC}") = "Copy_Elements_Of_Array_To_Other", "Copy_Elements_Of_Array_To_Other\Copy_Elements_Of_Array_To_Other.csproj", "{2E032E2A-A13E-433B-A274-7A36798A927E}"
EndProject
Global
	GlobalSection(SolutionConfigurationPlatforms) = preSolution
		Debug|Any CPU = Debug|Any CPU
		Release|Any CPU = Release|Any CPU
	EndGlobalSection
	GlobalSection(ProjectConfigurationPlatforms) = postSolution
		{2E032E2A-A13E-433B-A274-7A36798A927E}.Debug|Any CPU.ActiveCfg = Debug|Any CPU
		{2E032E2A-A13E-433B-A274-7A36798A927E}.Debug|Any CPU.Build.0 = Debug|Any CPU
		{2E032E2A-A13E-433B-A274-7A36798A927E}.Release|Any CPU.ActiveCfg = Release|Any CPU
		{2E032E2A-A13E-433B-A274-7A36798A927E}.Release|Any CPU.Build.0 = Release|Any CPU
	EndGlobalSection
	GlobalSection(SolutionProperties) = preSolution
		HideSolutionNode = FALSE
	EndGlobalSection
	GlobalSection(ExtensibilityGlobals) = postSolution
		SolutionGuid = {304248CF-94D7-4F13-9BDE-1CBA5A3ACC55}
	EndGlobalSection
EndGlobal
