
Microsoft Visual Studio Solution File, Format Version 12.00
# Visual Studio Version 16
VisualStudioVersion = 16.0.32802.440
MinimumVisualStudioVersion = 10.0.40219.1
Project("{FAE04EC0-301F-11D3-BF4B-00C04F79EFBC}") = "IEnumerable_Square_LINQ", "IEnumerable_Square_LINQ\IEnumerable_Square_LINQ.csproj", "{388CC911-AEBE-48C1-8090-4E1CAA6537AA}"
EndProject
Global
	GlobalSection(SolutionConfigurationPlatforms) = preSolution
		Debug|Any CPU = Debug|Any CPU
		Release|Any CPU = Release|Any CPU
	EndGlobalSection
	GlobalSection(ProjectConfigurationPlatforms) = postSolution
		{388CC911-AEBE-48C1-8090-4E1CAA6537AA}.Debug|Any CPU.ActiveCfg = Debug|Any CPU
		{388CC911-AEBE-48C1-8090-4E1CAA6537AA}.Debug|Any CPU.Build.0 = Debug|Any CPU
		{388CC911-AEBE-48C1-8090-4E1CAA6537AA}.Release|Any CPU.ActiveCfg = Release|Any CPU
		{388CC911-AEBE-48C1-8090-4E1CAA6537AA}.Release|Any CPU.Build.0 = Release|Any CPU
	EndGlobalSection
	GlobalSection(SolutionProperties) = preSolution
		HideSolutionNode = FALSE
	EndGlobalSection
	GlobalSection(ExtensibilityGlobals) = postSolution
		SolutionGuid = {1ACE87E6-5196-42A0-99D2-55F123C59C25}
	EndGlobalSection
EndGlobal
