
Microsoft Visual Studio Solution File, Format Version 12.00
# Visual Studio Version 16
VisualStudioVersion = 16.0.32228.343
MinimumVisualStudioVersion = 10.0.40219.1
Project("{FAE04EC0-301F-11D3-BF4B-00C04F79EFBC}") = "GenericT", "GenericT\GenericT.csproj", "{52DBB80B-49EE-4277-ADA5-D5639EF28770}"
EndProject
Global
	GlobalSection(SolutionConfigurationPlatforms) = preSolution
		Debug|Any CPU = Debug|Any CPU
		Release|Any CPU = Release|Any CPU
	EndGlobalSection
	GlobalSection(ProjectConfigurationPlatforms) = postSolution
		{52DBB80B-49EE-4277-ADA5-D5639EF28770}.Debug|Any CPU.ActiveCfg = Debug|Any CPU
		{52DBB80B-49EE-4277-ADA5-D5639EF28770}.Debug|Any CPU.Build.0 = Debug|Any CPU
		{52DBB80B-49EE-4277-ADA5-D5639EF28770}.Release|Any CPU.ActiveCfg = Release|Any CPU
		{52DBB80B-49EE-4277-ADA5-D5639EF28770}.Release|Any CPU.Build.0 = Release|Any CPU
	EndGlobalSection
	GlobalSection(SolutionProperties) = preSolution
		HideSolutionNode = FALSE
	EndGlobalSection
	GlobalSection(ExtensibilityGlobals) = postSolution
		SolutionGuid = {5E54D656-2FEC-4B54-BAA1-E303462CD2B0}
	EndGlobalSection
EndGlobal
