
Microsoft Visual Studio Solution File, Format Version 12.00
# Visual Studio 15
VisualStudioVersion = 15.0.28010.2046
MinimumVisualStudioVersion = 10.0.40219.1
Project("{FAE04EC0-301F-11D3-BF4B-00C04F79EFBC}") = "ArrayTwoDGetLength", "ArrayTwoDGetLength\ArrayTwoDGetLength.csproj", "{C990A158-FC4B-4908-A397-A17B2BBA9213}"
EndProject
Global
	GlobalSection(SolutionConfigurationPlatforms) = preSolution
		Debug|Any CPU = Debug|Any CPU
		Release|Any CPU = Release|Any CPU
	EndGlobalSection
	GlobalSection(ProjectConfigurationPlatforms) = postSolution
		{C990A158-FC4B-4908-A397-A17B2BBA9213}.Debug|Any CPU.ActiveCfg = Debug|Any CPU
		{C990A158-FC4B-4908-A397-A17B2BBA9213}.Debug|Any CPU.Build.0 = Debug|Any CPU
		{C990A158-FC4B-4908-A397-A17B2BBA9213}.Release|Any CPU.ActiveCfg = Release|Any CPU
		{C990A158-FC4B-4908-A397-A17B2BBA9213}.Release|Any CPU.Build.0 = Release|Any CPU
	EndGlobalSection
	GlobalSection(SolutionProperties) = preSolution
		HideSolutionNode = FALSE
	EndGlobalSection
	GlobalSection(ExtensibilityGlobals) = postSolution
		SolutionGuid = {74E85866-C3DF-49A3-84DF-188AC8DDF445}
	EndGlobalSection
EndGlobal
