
Microsoft Visual Studio Solution File, Format Version 12.00
# Visual Studio Version 16
VisualStudioVersion = 16.0.32510.428
MinimumVisualStudioVersion = 10.0.40219.1
Project("{FAE04EC0-301F-11D3-BF4B-00C04F79EFBC}") = "AbstractClassDemo", "AbstractClassDemo\AbstractClassDemo.csproj", "{82767D90-BC3A-4095-9ABF-95C3EDD56B6F}"
EndProject
Global
	GlobalSection(SolutionConfigurationPlatforms) = preSolution
		Debug|Any CPU = Debug|Any CPU
		Release|Any CPU = Release|Any CPU
	EndGlobalSection
	GlobalSection(ProjectConfigurationPlatforms) = postSolution
		{82767D90-BC3A-4095-9ABF-95C3EDD56B6F}.Debug|Any CPU.ActiveCfg = Debug|Any CPU
		{82767D90-BC3A-4095-9ABF-95C3EDD56B6F}.Debug|Any CPU.Build.0 = Debug|Any CPU
		{82767D90-BC3A-4095-9ABF-95C3EDD56B6F}.Release|Any CPU.ActiveCfg = Release|Any CPU
		{82767D90-BC3A-4095-9ABF-95C3EDD56B6F}.Release|Any CPU.Build.0 = Release|Any CPU
	EndGlobalSection
	GlobalSection(SolutionProperties) = preSolution
		HideSolutionNode = FALSE
	EndGlobalSection
	GlobalSection(ExtensibilityGlobals) = postSolution
		SolutionGuid = {E316159A-31FF-4A08-BCE4-5892E1DCF584}
	EndGlobalSection
EndGlobal
