
Microsoft Visual Studio Solution File, Format Version 12.00
# Visual Studio Version 16
VisualStudioVersion = 16.0.32510.428
MinimumVisualStudioVersion = 10.0.40219.1
Project("{FAE04EC0-301F-11D3-BF4B-00C04F79EFBC}") = "Regex_Valid_Email", "Regex_Valid_Email\Regex_Valid_Email.csproj", "{3FB33ADC-96AE-468A-A68B-911D7667B4EE}"
EndProject
Global
	GlobalSection(SolutionConfigurationPlatforms) = preSolution
		Debug|Any CPU = Debug|Any CPU
		Release|Any CPU = Release|Any CPU
	EndGlobalSection
	GlobalSection(ProjectConfigurationPlatforms) = postSolution
		{3FB33ADC-96AE-468A-A68B-911D7667B4EE}.Debug|Any CPU.ActiveCfg = Debug|Any CPU
		{3FB33ADC-96AE-468A-A68B-911D7667B4EE}.Debug|Any CPU.Build.0 = Debug|Any CPU
		{3FB33ADC-96AE-468A-A68B-911D7667B4EE}.Release|Any CPU.ActiveCfg = Release|Any CPU
		{3FB33ADC-96AE-468A-A68B-911D7667B4EE}.Release|Any CPU.Build.0 = Release|Any CPU
	EndGlobalSection
	GlobalSection(SolutionProperties) = preSolution
		HideSolutionNode = FALSE
	EndGlobalSection
	GlobalSection(ExtensibilityGlobals) = postSolution
		SolutionGuid = {8897A240-88EA-4D97-9662-358A3ACA7689}
	EndGlobalSection
EndGlobal
