
Microsoft Visual Studio Solution File, Format Version 12.00
# Visual Studio Version 16
VisualStudioVersion = 16.0.32510.428
MinimumVisualStudioVersion = 10.0.40219.1
Project("{FAE04EC0-301F-11D3-BF4B-00C04F79EFBC}") = "LINQ_2D_Array_IEnumerable", "LINQ_2D_Array_IEnumerable\LINQ_2D_Array_IEnumerable.csproj", "{9F4A3D0F-386D-4BFB-999E-4A0B094AF54F}"
EndProject
Global
	GlobalSection(SolutionConfigurationPlatforms) = preSolution
		Debug|Any CPU = Debug|Any CPU
		Release|Any CPU = Release|Any CPU
	EndGlobalSection
	GlobalSection(ProjectConfigurationPlatforms) = postSolution
		{9F4A3D0F-386D-4BFB-999E-4A0B094AF54F}.Debug|Any CPU.ActiveCfg = Debug|Any CPU
		{9F4A3D0F-386D-4BFB-999E-4A0B094AF54F}.Debug|Any CPU.Build.0 = Debug|Any CPU
		{9F4A3D0F-386D-4BFB-999E-4A0B094AF54F}.Release|Any CPU.ActiveCfg = Release|Any CPU
		{9F4A3D0F-386D-4BFB-999E-4A0B094AF54F}.Release|Any CPU.Build.0 = Release|Any CPU
	EndGlobalSection
	GlobalSection(SolutionProperties) = preSolution
		HideSolutionNode = FALSE
	EndGlobalSection
	GlobalSection(ExtensibilityGlobals) = postSolution
		SolutionGuid = {3E9F679F-FFBF-4380-BF93-FD05A988A0EC}
	EndGlobalSection
EndGlobal
