
Microsoft Visual Studio Solution File, Format Version 12.00
# Visual Studio Version 16
VisualStudioVersion = 16.0.32510.428
MinimumVisualStudioVersion = 10.0.40219.1
Project("{FAE04EC0-301F-11D3-BF4B-00C04F79EFBC}") = "Get_Set_Constructor_Integer_Array", "Get_Set_Constructor_Integer_Array\Get_Set_Constructor_Integer_Array.csproj", "{F72E887A-817D-43AA-8690-4C63BFEDBACE}"
EndProject
Global
	GlobalSection(SolutionConfigurationPlatforms) = preSolution
		Debug|Any CPU = Debug|Any CPU
		Release|Any CPU = Release|Any CPU
	EndGlobalSection
	GlobalSection(ProjectConfigurationPlatforms) = postSolution
		{F72E887A-817D-43AA-8690-4C63BFEDBACE}.Debug|Any CPU.ActiveCfg = Debug|Any CPU
		{F72E887A-817D-43AA-8690-4C63BFEDBACE}.Debug|Any CPU.Build.0 = Debug|Any CPU
		{F72E887A-817D-43AA-8690-4C63BFEDBACE}.Release|Any CPU.ActiveCfg = Release|Any CPU
		{F72E887A-817D-43AA-8690-4C63BFEDBACE}.Release|Any CPU.Build.0 = Release|Any CPU
	EndGlobalSection
	GlobalSection(SolutionProperties) = preSolution
		HideSolutionNode = FALSE
	EndGlobalSection
	GlobalSection(ExtensibilityGlobals) = postSolution
		SolutionGuid = {8A12BEAE-195B-404F-BC2F-E34127733A89}
	EndGlobalSection
EndGlobal
