
Microsoft Visual Studio Solution File, Format Version 12.00
# Visual Studio Version 16
VisualStudioVersion = 16.0.32510.428
MinimumVisualStudioVersion = 10.0.40219.1
Project("{FAE04EC0-301F-11D3-BF4B-00C04F79EFBC}") = "Interface_Calculator", "Interface_Calculator\Interface_Calculator.csproj", "{BE28AC2E-9CDA-4132-A54C-B6AD6C5BC694}"
EndProject
Global
	GlobalSection(SolutionConfigurationPlatforms) = preSolution
		Debug|Any CPU = Debug|Any CPU
		Release|Any CPU = Release|Any CPU
	EndGlobalSection
	GlobalSection(ProjectConfigurationPlatforms) = postSolution
		{BE28AC2E-9CDA-4132-A54C-B6AD6C5BC694}.Debug|Any CPU.ActiveCfg = Debug|Any CPU
		{BE28AC2E-9CDA-4132-A54C-B6AD6C5BC694}.Debug|Any CPU.Build.0 = Debug|Any CPU
		{BE28AC2E-9CDA-4132-A54C-B6AD6C5BC694}.Release|Any CPU.ActiveCfg = Release|Any CPU
		{BE28AC2E-9CDA-4132-A54C-B6AD6C5BC694}.Release|Any CPU.Build.0 = Release|Any CPU
	EndGlobalSection
	GlobalSection(SolutionProperties) = preSolution
		HideSolutionNode = FALSE
	EndGlobalSection
	GlobalSection(ExtensibilityGlobals) = postSolution
		SolutionGuid = {9C53FBD3-72EE-4201-A386-B8D168E64A13}
	EndGlobalSection
EndGlobal
