
Microsoft Visual Studio Solution File, Format Version 12.00
# Visual Studio Version 16
VisualStudioVersion = 16.0.32510.428
MinimumVisualStudioVersion = 10.0.40219.1
Project("{FAE04EC0-301F-11D3-BF4B-00C04F79EFBC}") = "Inherit_Generic_Class", "Inherit_Generic_Class\Inherit_Generic_Class.csproj", "{745D32BE-B6A0-46EE-8CA4-272F63CDF944}"
EndProject
Global
	GlobalSection(SolutionConfigurationPlatforms) = preSolution
		Debug|Any CPU = Debug|Any CPU
		Release|Any CPU = Release|Any CPU
	EndGlobalSection
	GlobalSection(ProjectConfigurationPlatforms) = postSolution
		{745D32BE-B6A0-46EE-8CA4-272F63CDF944}.Debug|Any CPU.ActiveCfg = Debug|Any CPU
		{745D32BE-B6A0-46EE-8CA4-272F63CDF944}.Debug|Any CPU.Build.0 = Debug|Any CPU
		{745D32BE-B6A0-46EE-8CA4-272F63CDF944}.Release|Any CPU.ActiveCfg = Release|Any CPU
		{745D32BE-B6A0-46EE-8CA4-272F63CDF944}.Release|Any CPU.Build.0 = Release|Any CPU
	EndGlobalSection
	GlobalSection(SolutionProperties) = preSolution
		HideSolutionNode = FALSE
	EndGlobalSection
	GlobalSection(ExtensibilityGlobals) = postSolution
		SolutionGuid = {EA5B37AA-3619-4FF5-8E66-D577AD90D0B7}
	EndGlobalSection
EndGlobal
