
Microsoft Visual Studio Solution File, Format Version 12.00
# Visual Studio Version 16
VisualStudioVersion = 16.0.32510.428
MinimumVisualStudioVersion = 10.0.40219.1
Project("{FAE04EC0-301F-11D3-BF4B-00C04F79EFBC}") = "ICloneable_Interface", "ICloneable_Interface\ICloneable_Interface.csproj", "{2F916ECD-8A08-4A2D-96A9-29FA7F955056}"
EndProject
Global
	GlobalSection(SolutionConfigurationPlatforms) = preSolution
		Debug|Any CPU = Debug|Any CPU
		Release|Any CPU = Release|Any CPU
	EndGlobalSection
	GlobalSection(ProjectConfigurationPlatforms) = postSolution
		{2F916ECD-8A08-4A2D-96A9-29FA7F955056}.Debug|Any CPU.ActiveCfg = Debug|Any CPU
		{2F916ECD-8A08-4A2D-96A9-29FA7F955056}.Debug|Any CPU.Build.0 = Debug|Any CPU
		{2F916ECD-8A08-4A2D-96A9-29FA7F955056}.Release|Any CPU.ActiveCfg = Release|Any CPU
		{2F916ECD-8A08-4A2D-96A9-29FA7F955056}.Release|Any CPU.Build.0 = Release|Any CPU
	EndGlobalSection
	GlobalSection(SolutionProperties) = preSolution
		HideSolutionNode = FALSE
	EndGlobalSection
	GlobalSection(ExtensibilityGlobals) = postSolution
		SolutionGuid = {517F7C09-94ED-4947-8376-5CBD74F746CE}
	EndGlobalSection
EndGlobal
