
Microsoft Visual Studio Solution File, Format Version 12.00
# Visual Studio Version 16
VisualStudioVersion = 16.0.32510.428
MinimumVisualStudioVersion = 10.0.40219.1
Project("{FAE04EC0-301F-11D3-BF4B-00C04F79EFBC}") = "Override_ToString_Method", "Override_ToString_Method\Override_ToString_Method.csproj", "{023B009C-59A9-4753-BD42-001AAEB32CCA}"
EndProject
Global
	GlobalSection(SolutionConfigurationPlatforms) = preSolution
		Debug|Any CPU = Debug|Any CPU
		Release|Any CPU = Release|Any CPU
	EndGlobalSection
	GlobalSection(ProjectConfigurationPlatforms) = postSolution
		{023B009C-59A9-4753-BD42-001AAEB32CCA}.Debug|Any CPU.ActiveCfg = Debug|Any CPU
		{023B009C-59A9-4753-BD42-001AAEB32CCA}.Debug|Any CPU.Build.0 = Debug|Any CPU
		{023B009C-59A9-4753-BD42-001AAEB32CCA}.Release|Any CPU.ActiveCfg = Release|Any CPU
		{023B009C-59A9-4753-BD42-001AAEB32CCA}.Release|Any CPU.Build.0 = Release|Any CPU
	EndGlobalSection
	GlobalSection(SolutionProperties) = preSolution
		HideSolutionNode = FALSE
	EndGlobalSection
	GlobalSection(ExtensibilityGlobals) = postSolution
		SolutionGuid = {A992BE8B-4CE4-40F5-9BA1-8EC7A0588428}
	EndGlobalSection
EndGlobal
