
Microsoft Visual Studio Solution File, Format Version 12.00
# Visual Studio Version 16
VisualStudioVersion = 16.0.32510.428
MinimumVisualStudioVersion = 10.0.40219.1
Project("{FAE04EC0-301F-11D3-BF4B-00C04F79EFBC}") = "Enum_Class_GetValue", "Enum_Class_GetValue\Enum_Class_GetValue.csproj", "{979C238F-2297-4D33-BDAC-4026C397C3D7}"
EndProject
Global
	GlobalSection(SolutionConfigurationPlatforms) = preSolution
		Debug|Any CPU = Debug|Any CPU
		Release|Any CPU = Release|Any CPU
	EndGlobalSection
	GlobalSection(ProjectConfigurationPlatforms) = postSolution
		{979C238F-2297-4D33-BDAC-4026C397C3D7}.Debug|Any CPU.ActiveCfg = Debug|Any CPU
		{979C238F-2297-4D33-BDAC-4026C397C3D7}.Debug|Any CPU.Build.0 = Debug|Any CPU
		{979C238F-2297-4D33-BDAC-4026C397C3D7}.Release|Any CPU.ActiveCfg = Release|Any CPU
		{979C238F-2297-4D33-BDAC-4026C397C3D7}.Release|Any CPU.Build.0 = Release|Any CPU
	EndGlobalSection
	GlobalSection(SolutionProperties) = preSolution
		HideSolutionNode = FALSE
	EndGlobalSection
	GlobalSection(ExtensibilityGlobals) = postSolution
		SolutionGuid = {A6AE1D1D-CF69-4490-9EAF-A502F65A7F6D}
	EndGlobalSection
EndGlobal
