
Microsoft Visual Studio Solution File, Format Version 12.00
# Visual Studio Version 16
VisualStudioVersion = 16.0.32901.82
MinimumVisualStudioVersion = 10.0.40219.1
Project("{FAE04EC0-301F-11D3-BF4B-00C04F79EFBC}") = "Boolean_Variable", "Boolean_Variable\Boolean_Variable.csproj", "{9C80883A-9127-445F-B05F-10C5BBF258E1}"
EndProject
Global
	GlobalSection(SolutionConfigurationPlatforms) = preSolution
		Debug|Any CPU = Debug|Any CPU
		Release|Any CPU = Release|Any CPU
	EndGlobalSection
	GlobalSection(ProjectConfigurationPlatforms) = postSolution
		{9C80883A-9127-445F-B05F-10C5BBF258E1}.Debug|Any CPU.ActiveCfg = Debug|Any CPU
		{9C80883A-9127-445F-B05F-10C5BBF258E1}.Debug|Any CPU.Build.0 = Debug|Any CPU
		{9C80883A-9127-445F-B05F-10C5BBF258E1}.Release|Any CPU.ActiveCfg = Release|Any CPU
		{9C80883A-9127-445F-B05F-10C5BBF258E1}.Release|Any CPU.Build.0 = Release|Any CPU
	EndGlobalSection
	GlobalSection(SolutionProperties) = preSolution
		HideSolutionNode = FALSE
	EndGlobalSection
	GlobalSection(ExtensibilityGlobals) = postSolution
		SolutionGuid = {57DA6124-D61F-4AE1-8338-17E3A949855E}
	EndGlobalSection
EndGlobal
